
Microsoft Visual Studio Solution File, Format Version 12.00
# Visual Studio Version 17
VisualStudioVersion = 17.14.36511.14
MinimumVisualStudioVersion = 10.0.40219.1
Project("{8BC9CEB8-8B4A-11D0-8D11-00A0C91BC942}") = "Ex_04_01", "Ex_04_01\Ex_04_01.vcxproj", "{B7431920-7BFE-43C9-9752-AA8B51243BA8}"
EndProject
Project("{8BC9CEB8-8B4A-11D0-8D11-00A0C91BC942}") = "Ex_04_02", "Ex_04_02\Ex_04_02.vcxproj", "{C4F2BA1D-EF65-43EB-8E43-A3F272B60CB6}"
EndProject
Project("{8BC9CEB8-8B4A-11D0-8D11-00A0C91BC942}") = "Ex_04_03", "Ex_04_03\Ex_04_03.vcxproj", "{D4BB48A1-9669-4DCC-A72C-F5E3EB910FB3}"
EndProject
Project("{8BC9CEB8-8B4A-11D0-8D11-00A0C91BC942}") = "Ex_04_04", "Ex_04_04\Ex_04_04.vcxproj", "{C367E9DD-0930-4A9C-BBF2-585C8FDD02FF}"
EndProject
Project("{8BC9CEB8-8B4A-11D0-8D11-00A0C91BC942}") = "Ex_04_05", "Ex_04_05\Ex_04_05.vcxproj", "{D18C529C-53CF-4B9E-8211-E28596923F5D}"
EndProject
Project("{8BC9CEB8-8B4A-11D0-8D11-00A0C91BC942}") = "Ex_04_06", "Ex_04_06\Ex_04_06.vcxproj", "{14E1FE5E-1C94-42E3-BA4F-1E5D15B4F207}"
EndProject
Project("{8BC9CEB8-8B4A-11D0-8D11-00A0C91BC942}") = "Ex_04_07", "Ex_04_07\Ex_04_07.vcxproj", "{BD87B051-CA83-4EC6-B48D-36E5B7481E05}"
EndProject
Project("{8BC9CEB8-8B4A-11D0-8D11-00A0C91BC942}") = "Ex_04_08", "Ex_04_08\Ex_04_08.vcxproj", "{78D98F65-17C4-4A78-B3B5-4FC1F98C09F2}"
EndProject
Project("{8BC9CEB8-8B4A-11D0-8D11-00A0C91BC942}") = "Ex_04_09", "Ex_04_09\Ex_04_09.vcxproj", "{C699044F-9BF5-48CE-BC6D-09DA1AAA22F4}"
EndProject
Project("{8BC9CEB8-8B4A-11D0-8D11-00A0C91BC942}") = "Ex_04_10", "Ex_04_10\Ex_04_10.vcxproj", "{8374E33E-3244-4EFE-BBD1-FE70021AF1EB}"
EndProject
Project("{8BC9CEB8-8B4A-11D0-8D11-00A0C91BC942}") = "Ex_04_11", "Ex_04_11\Ex_04_11.vcxproj", "{1495F6B3-E27B-4658-8B2E-56D6AF7C43CD}"
EndProject
Project("{8BC9CEB8-8B4A-11D0-8D11-00A0C91BC942}") = "Ex_04_12", "Ex_04_12\Ex_04_12.vcxproj", "{0C965746-0B72-4460-935A-2E8DA52F3102}"
EndProject
Project("{8BC9CEB8-8B4A-11D0-8D11-00A0C91BC942}") = "Ex_04_13", "Ex_04_13\Ex_04_13.vcxproj", "{BF587D5B-EB40-479E-9AB4-615D9D1A6894}"
EndProject
Project("{8BC9CEB8-8B4A-11D0-8D11-00A0C91BC942}") = "Ex_04_14", "Ex_04_14\Ex_04_14.vcxproj", "{371C77A1-9999-418F-A3B2-8595B05ED8D1}"
EndProject
Project("{8BC9CEB8-8B4A-11D0-8D11-00A0C91BC942}") = "Ex_04_15", "Ex_04_15\Ex_04_15.vcxproj", "{5E1235F1-83C5-43FA-9055-20239D00D4AB}"
EndProject
Project("{8BC9CEB8-8B4A-11D0-8D11-00A0C91BC942}") = "Ex_04_16", "Ex_04_16\Ex_04_16.vcxproj", "{407CDC9A-CE4F-427C-A10F-CD1944BBE8FD}"
EndProject
Project("{8BC9CEB8-8B4A-11D0-8D11-00A0C91BC942}") = "Ex_04_17", "Ex_04_17\Ex_04_17.vcxproj", "{4098107A-5FF1-4EC5-A86A-A3296AD534A4}"
EndProject
Project("{8BC9CEB8-8B4A-11D0-8D11-00A0C91BC942}") = "Ex_04_19", "Ex_04_19\Ex_04_19.vcxproj", "{141B3EB1-5943-4AEC-8959-15A4290D1848}"
EndProject
Project("{8BC9CEB8-8B4A-11D0-8D11-00A0C91BC942}") = "Ex_04_18", "Ex_04_18\Ex_04_18.vcxproj", "{D2707CC8-C762-4AF2-9FF3-49E936FB13E6}"
EndProject
Project("{8BC9CEB8-8B4A-11D0-8D11-00A0C91BC942}") = "Ex_04_20", "Ex_04_20\Ex_04_20.vcxproj", "{7CCF07DA-215E-476D-8B43-0A5777BC917A}"
EndProject
Project("{8BC9CEB8-8B4A-11D0-8D11-00A0C91BC942}") = "Ex_04_21", "Ex_04_21\Ex_04_21.vcxproj", "{CCB67702-B577-4003-965B-9BCCC8FAA3BE}"
EndProject
Project("{8BC9CEB8-8B4A-11D0-8D11-00A0C91BC942}") = "Ex_05_02_01", "Ex_05_02_01\Ex_05_02_01.vcxproj", "{391CFFA0-E474-4ABD-9796-B523BC587403}"
EndProject
Project("{8BC9CEB8-8B4A-11D0-8D11-00A0C91BC942}") = "Ex_05_02_02", "Ex_05_02_02\Ex_05_02_02.vcxproj", "{E2EED5AC-1A8C-4FF6-89A3-E730EAFD0F3D}"
EndProject
Project("{8BC9CEB8-8B4A-11D0-8D11-00A0C91BC942}") = "Ex_05_02_03", "Ex_05_02_03\Ex_05_02_03.vcxproj", "{361AC695-F88D-4BF2-9F22-6C7B86D131AD}"
EndProject
Project("{8BC9CEB8-8B4A-11D0-8D11-00A0C91BC942}") = "Ex_05_02_04", "Ex_05_02_04\Ex_05_02_04.vcxproj", "{0E7EAA39-9837-4ECD-9A8D-4BE479A4145E}"
EndProject
Project("{8BC9CEB8-8B4A-11D0-8D11-00A0C91BC942}") = "Ex_05_02_05", "Ex_05_02_05\Ex_05_02_05.vcxproj", "{D48083C8-DB5D-4348-AC0F-4EEAC7862D5C}"
EndProject
Project("{8BC9CEB8-8B4A-11D0-8D11-00A0C91BC942}") = "Ex_05_02_06", "Ex_05_02_06\Ex_05_02_06.vcxproj", "{B004C562-417A-45A8-8A69-0C6F78755D1D}"
EndProject
Project("{8BC9CEB8-8B4A-11D0-8D11-00A0C91BC942}") = "Ex_05_02_07", "Ex_05_02_07\Ex_05_02_07.vcxproj", "{9B57CA99-7BF9-42C5-8FE9-BA808E3003F6}"
EndProject
Project("{8BC9CEB8-8B4A-11D0-8D11-00A0C91BC942}") = "Ex_05_02_08", "Ex_05_02_08\Ex_05_02_08.vcxproj", "{007F6E3F-C1B5-4831-93DD-D73C85FB8597}"
EndProject
Project("{8BC9CEB8-8B4A-11D0-8D11-00A0C91BC942}") = "Ex_05_02_09", "Ex_05_02_09\Ex_05_02_09.vcxproj", "{A2732FB5-024C-46FF-8255-8FF2BDEE9D32}"
EndProject
Global
	GlobalSection(SolutionConfigurationPlatforms) = preSolution
		Debug|x64 = Debug|x64
		Debug|x86 = Debug|x86
		Release|x64 = Release|x64
		Release|x86 = Release|x86
	EndGlobalSection
	GlobalSection(ProjectConfigurationPlatforms) = postSolution
		{B7431920-7BFE-43C9-9752-AA8B51243BA8}.Debug|x64.ActiveCfg = Debug|x64
		{B7431920-7BFE-43C9-9752-AA8B51243BA8}.Debug|x64.Build.0 = Debug|x64
		{B7431920-7BFE-43C9-9752-AA8B51243BA8}.Debug|x86.ActiveCfg = Debug|Win32
		{B7431920-7BFE-43C9-9752-AA8B51243BA8}.Debug|x86.Build.0 = Debug|Win32
		{B7431920-7BFE-43C9-9752-AA8B51243BA8}.Release|x64.ActiveCfg = Release|x64
		{B7431920-7BFE-43C9-9752-AA8B51243BA8}.Release|x64.Build.0 = Release|x64
		{B7431920-7BFE-43C9-9752-AA8B51243BA8}.Release|x86.ActiveCfg = Release|Win32
		{B7431920-7BFE-43C9-9752-AA8B51243BA8}.Release|x86.Build.0 = Release|Win32
		{C4F2BA1D-EF65-43EB-8E43-A3F272B60CB6}.Debug|x64.ActiveCfg = Debug|x64
		{C4F2BA1D-EF65-43EB-8E43-A3F272B60CB6}.Debug|x64.Build.0 = Debug|x64
		{C4F2BA1D-EF65-43EB-8E43-A3F272B60CB6}.Debug|x86.ActiveCfg = Debug|Win32
		{C4F2BA1D-EF65-43EB-8E43-A3F272B60CB6}.Debug|x86.Build.0 = Debug|Win32
		{C4F2BA1D-EF65-43EB-8E43-A3F272B60CB6}.Release|x64.ActiveCfg = Release|x64
		{C4F2BA1D-EF65-43EB-8E43-A3F272B60CB6}.Release|x64.Build.0 = Release|x64
		{C4F2BA1D-EF65-43EB-8E43-A3F272B60CB6}.Release|x86.ActiveCfg = Release|Win32
		{C4F2BA1D-EF65-43EB-8E43-A3F272B60CB6}.Release|x86.Build.0 = Release|Win32
		{D4BB48A1-9669-4DCC-A72C-F5E3EB910FB3}.Debug|x64.ActiveCfg = Debug|x64
		{D4BB48A1-9669-4DCC-A72C-F5E3EB910FB3}.Debug|x64.Build.0 = Debug|x64
		{D4BB48A1-9669-4DCC-A72C-F5E3EB910FB3}.Debug|x86.ActiveCfg = Debug|Win32
		{D4BB48A1-9669-4DCC-A72C-F5E3EB910FB3}.Debug|x86.Build.0 = Debug|Win32
		{D4BB48A1-9669-4DCC-A72C-F5E3EB910FB3}.Release|x64.ActiveCfg = Release|x64
		{D4BB48A1-9669-4DCC-A72C-F5E3EB910FB3}.Release|x64.Build.0 = Release|x64
		{D4BB48A1-9669-4DCC-A72C-F5E3EB910FB3}.Release|x86.ActiveCfg = Release|Win32
		{D4BB48A1-9669-4DCC-A72C-F5E3EB910FB3}.Release|x86.Build.0 = Release|Win32
		{C367E9DD-0930-4A9C-BBF2-585C8FDD02FF}.Debug|x64.ActiveCfg = Debug|x64
		{C367E9DD-0930-4A9C-BBF2-585C8FDD02FF}.Debug|x64.Build.0 = Debug|x64
		{C367E9DD-0930-4A9C-BBF2-585C8FDD02FF}.Debug|x86.ActiveCfg = Debug|Win32
		{C367E9DD-0930-4A9C-BBF2-585C8FDD02FF}.Debug|x86.Build.0 = Debug|Win32
		{C367E9DD-0930-4A9C-BBF2-585C8FDD02FF}.Release|x64.ActiveCfg = Release|x64
		{C367E9DD-0930-4A9C-BBF2-585C8FDD02FF}.Release|x64.Build.0 = Release|x64
		{C367E9DD-0930-4A9C-BBF2-585C8FDD02FF}.Release|x86.ActiveCfg = Release|Win32
		{C367E9DD-0930-4A9C-BBF2-585C8FDD02FF}.Release|x86.Build.0 = Release|Win32
		{D18C529C-53CF-4B9E-8211-E28596923F5D}.Debug|x64.ActiveCfg = Debug|x64
		{D18C529C-53CF-4B9E-8211-E28596923F5D}.Debug|x64.Build.0 = Debug|x64
		{D18C529C-53CF-4B9E-8211-E28596923F5D}.Debug|x86.ActiveCfg = Debug|Win32
		{D18C529C-53CF-4B9E-8211-E28596923F5D}.Debug|x86.Build.0 = Debug|Win32
		{D18C529C-53CF-4B9E-8211-E28596923F5D}.Release|x64.ActiveCfg = Release|x64
		{D18C529C-53CF-4B9E-8211-E28596923F5D}.Release|x64.Build.0 = Release|x64
		{D18C529C-53CF-4B9E-8211-E28596923F5D}.Release|x86.ActiveCfg = Release|Win32
		{D18C529C-53CF-4B9E-8211-E28596923F5D}.Release|x86.Build.0 = Release|Win32
		{14E1FE5E-1C94-42E3-BA4F-1E5D15B4F207}.Debug|x64.ActiveCfg = Debug|x64
		{14E1FE5E-1C94-42E3-BA4F-1E5D15B4F207}.Debug|x64.Build.0 = Debug|x64
		{14E1FE5E-1C94-42E3-BA4F-1E5D15B4F207}.Debug|x86.ActiveCfg = Debug|Win32
		{14E1FE5E-1C94-42E3-BA4F-1E5D15B4F207}.Debug|x86.Build.0 = Debug|Win32
		{14E1FE5E-1C94-42E3-BA4F-1E5D15B4F207}.Release|x64.ActiveCfg = Release|x64
		{14E1FE5E-1C94-42E3-BA4F-1E5D15B4F207}.Release|x64.Build.0 = Release|x64
		{14E1FE5E-1C94-42E3-BA4F-1E5D15B4F207}.Release|x86.ActiveCfg = Release|Win32
		{14E1FE5E-1C94-42E3-BA4F-1E5D15B4F207}.Release|x86.Build.0 = Release|Win32
		{BD87B051-CA83-4EC6-B48D-36E5B7481E05}.Debug|x64.ActiveCfg = Debug|x64
		{BD87B051-CA83-4EC6-B48D-36E5B7481E05}.Debug|x64.Build.0 = Debug|x64
		{BD87B051-CA83-4EC6-B48D-36E5B7481E05}.Debug|x86.ActiveCfg = Debug|Win32
		{BD87B051-CA83-4EC6-B48D-36E5B7481E05}.Debug|x86.Build.0 = Debug|Win32
		{BD87B051-CA83-4EC6-B48D-36E5B7481E05}.Release|x64.ActiveCfg = Release|x64
		{BD87B051-CA83-4EC6-B48D-36E5B7481E05}.Release|x64.Build.0 = Release|x64
		{BD87B051-CA83-4EC6-B48D-36E5B7481E05}.Release|x86.ActiveCfg = Release|Win32
		{BD87B051-CA83-4EC6-B48D-36E5B7481E05}.Release|x86.Build.0 = Release|Win32
		{78D98F65-17C4-4A78-B3B5-4FC1F98C09F2}.Debug|x64.ActiveCfg = Debug|x64
		{78D98F65-17C4-4A78-B3B5-4FC1F98C09F2}.Debug|x64.Build.0 = Debug|x64
		{78D98F65-17C4-4A78-B3B5-4FC1F98C09F2}.Debug|x86.ActiveCfg = Debug|Win32
		{78D98F65-17C4-4A78-B3B5-4FC1F98C09F2}.Debug|x86.Build.0 = Debug|Win32
		{78D98F65-17C4-4A78-B3B5-4FC1F98C09F2}.Release|x64.ActiveCfg = Release|x64
		{78D98F65-17C4-4A78-B3B5-4FC1F98C09F2}.Release|x64.Build.0 = Release|x64
		{78D98F65-17C4-4A78-B3B5-4FC1F98C09F2}.Release|x86.ActiveCfg = Release|Win32
		{78D98F65-17C4-4A78-B3B5-4FC1F98C09F2}.Release|x86.Build.0 = Release|Win32
		{C699044F-9BF5-48CE-BC6D-09DA1AAA22F4}.Debug|x64.ActiveCfg = Debug|x64
		{C699044F-9BF5-48CE-BC6D-09DA1AAA22F4}.Debug|x64.Build.0 = Debug|x64
		{C699044F-9BF5-48CE-BC6D-09DA1AAA22F4}.Debug|x86.ActiveCfg = Debug|Win32
		{C699044F-9BF5-48CE-BC6D-09DA1AAA22F4}.Debug|x86.Build.0 = Debug|Win32
		{C699044F-9BF5-48CE-BC6D-09DA1AAA22F4}.Release|x64.ActiveCfg = Release|x64
		{C699044F-9BF5-48CE-BC6D-09DA1AAA22F4}.Release|x64.Build.0 = Release|x64
		{C699044F-9BF5-48CE-BC6D-09DA1AAA22F4}.Release|x86.ActiveCfg = Release|Win32
		{C699044F-9BF5-48CE-BC6D-09DA1AAA22F4}.Release|x86.Build.0 = Release|Win32
		{8374E33E-3244-4EFE-BBD1-FE70021AF1EB}.Debug|x64.ActiveCfg = Debug|x64
		{8374E33E-3244-4EFE-BBD1-FE70021AF1EB}.Debug|x64.Build.0 = Debug|x64
		{8374E33E-3244-4EFE-BBD1-FE70021AF1EB}.Debug|x86.ActiveCfg = Debug|Win32
		{8374E33E-3244-4EFE-BBD1-FE70021AF1EB}.Debug|x86.Build.0 = Debug|Win32
		{8374E33E-3244-4EFE-BBD1-FE70021AF1EB}.Release|x64.ActiveCfg = Release|x64
		{8374E33E-3244-4EFE-BBD1-FE70021AF1EB}.Release|x64.Build.0 = Release|x64
		{8374E33E-3244-4EFE-BBD1-FE70021AF1EB}.Release|x86.ActiveCfg = Release|Win32
		{8374E33E-3244-4EFE-BBD1-FE70021AF1EB}.Release|x86.Build.0 = Release|Win32
		{1495F6B3-E27B-4658-8B2E-56D6AF7C43CD}.Debug|x64.ActiveCfg = Debug|x64
		{1495F6B3-E27B-4658-8B2E-56D6AF7C43CD}.Debug|x64.Build.0 = Debug|x64
		{1495F6B3-E27B-4658-8B2E-56D6AF7C43CD}.Debug|x86.ActiveCfg = Debug|Win32
		{1495F6B3-E27B-4658-8B2E-56D6AF7C43CD}.Debug|x86.Build.0 = Debug|Win32
		{1495F6B3-E27B-4658-8B2E-56D6AF7C43CD}.Release|x64.ActiveCfg = Release|x64
		{1495F6B3-E27B-4658-8B2E-56D6AF7C43CD}.Release|x64.Build.0 = Release|x64
		{1495F6B3-E27B-4658-8B2E-56D6AF7C43CD}.Release|x86.ActiveCfg = Release|Win32
		{1495F6B3-E27B-4658-8B2E-56D6AF7C43CD}.Release|x86.Build.0 = Release|Win32
		{0C965746-0B72-4460-935A-2E8DA52F3102}.Debug|x64.ActiveCfg = Debug|x64
		{0C965746-0B72-4460-935A-2E8DA52F3102}.Debug|x64.Build.0 = Debug|x64
		{0C965746-0B72-4460-935A-2E8DA52F3102}.Debug|x86.ActiveCfg = Debug|Win32
		{0C965746-0B72-4460-935A-2E8DA52F3102}.Debug|x86.Build.0 = Debug|Win32
		{0C965746-0B72-4460-935A-2E8DA52F3102}.Release|x64.ActiveCfg = Release|x64
		{0C965746-0B72-4460-935A-2E8DA52F3102}.Release|x64.Build.0 = Release|x64
		{0C965746-0B72-4460-935A-2E8DA52F3102}.Release|x86.ActiveCfg = Release|Win32
		{0C965746-0B72-4460-935A-2E8DA52F3102}.Release|x86.Build.0 = Release|Win32
		{BF587D5B-EB40-479E-9AB4-615D9D1A6894}.Debug|x64.ActiveCfg = Debug|x64
		{BF587D5B-EB40-479E-9AB4-615D9D1A6894}.Debug|x64.Build.0 = Debug|x64
		{BF587D5B-EB40-479E-9AB4-615D9D1A6894}.Debug|x86.ActiveCfg = Debug|Win32
		{BF587D5B-EB40-479E-9AB4-615D9D1A6894}.Debug|x86.Build.0 = Debug|Win32
		{BF587D5B-EB40-479E-9AB4-615D9D1A6894}.Release|x64.ActiveCfg = Release|x64
		{BF587D5B-EB40-479E-9AB4-615D9D1A6894}.Release|x64.Build.0 = Release|x64
		{BF587D5B-EB40-479E-9AB4-615D9D1A6894}.Release|x86.ActiveCfg = Release|Win32
		{BF587D5B-EB40-479E-9AB4-615D9D1A6894}.Release|x86.Build.0 = Release|Win32
		{371C77A1-9999-418F-A3B2-8595B05ED8D1}.Debug|x64.ActiveCfg = Debug|x64
		{371C77A1-9999-418F-A3B2-8595B05ED8D1}.Debug|x64.Build.0 = Debug|x64
		{371C77A1-9999-418F-A3B2-8595B05ED8D1}.Debug|x86.ActiveCfg = Debug|Win32
		{371C77A1-9999-418F-A3B2-8595B05ED8D1}.Debug|x86.Build.0 = Debug|Win32
		{371C77A1-9999-418F-A3B2-8595B05ED8D1}.Release|x64.ActiveCfg = Release|x64
		{371C77A1-9999-418F-A3B2-8595B05ED8D1}.Release|x64.Build.0 = Release|x64
		{371C77A1-9999-418F-A3B2-8595B05ED8D1}.Release|x86.ActiveCfg = Release|Win32
		{371C77A1-9999-418F-A3B2-8595B05ED8D1}.Release|x86.Build.0 = Release|Win32
		{5E1235F1-83C5-43FA-9055-20239D00D4AB}.Debug|x64.ActiveCfg = Debug|x64
		{5E1235F1-83C5-43FA-9055-20239D00D4AB}.Debug|x64.Build.0 = Debug|x64
		{5E1235F1-83C5-43FA-9055-20239D00D4AB}.Debug|x86.ActiveCfg = Debug|Win32
		{5E1235F1-83C5-43FA-9055-20239D00D4AB}.Debug|x86.Build.0 = Debug|Win32
		{5E1235F1-83C5-43FA-9055-20239D00D4AB}.Release|x64.ActiveCfg = Release|x64
		{5E1235F1-83C5-43FA-9055-20239D00D4AB}.Release|x64.Build.0 = Release|x64
		{5E1235F1-83C5-43FA-9055-20239D00D4AB}.Release|x86.ActiveCfg = Release|Win32
		{5E1235F1-83C5-43FA-9055-20239D00D4AB}.Release|x86.Build.0 = Release|Win32
		{407CDC9A-CE4F-427C-A10F-CD1944BBE8FD}.Debug|x64.ActiveCfg = Debug|x64
		{407CDC9A-CE4F-427C-A10F-CD1944BBE8FD}.Debug|x64.Build.0 = Debug|x64
		{407CDC9A-CE4F-427C-A10F-CD1944BBE8FD}.Debug|x86.ActiveCfg = Debug|Win32
		{407CDC9A-CE4F-427C-A10F-CD1944BBE8FD}.Debug|x86.Build.0 = Debug|Win32
		{407CDC9A-CE4F-427C-A10F-CD1944BBE8FD}.Release|x64.ActiveCfg = Release|x64
		{407CDC9A-CE4F-427C-A10F-CD1944BBE8FD}.Release|x64.Build.0 = Release|x64
		{407CDC9A-CE4F-427C-A10F-CD1944BBE8FD}.Release|x86.ActiveCfg = Release|Win32
		{407CDC9A-CE4F-427C-A10F-CD1944BBE8FD}.Release|x86.Build.0 = Release|Win32
		{4098107A-5FF1-4EC5-A86A-A3296AD534A4}.Debug|x64.ActiveCfg = Debug|x64
		{4098107A-5FF1-4EC5-A86A-A3296AD534A4}.Debug|x64.Build.0 = Debug|x64
		{4098107A-5FF1-4EC5-A86A-A3296AD534A4}.Debug|x86.ActiveCfg = Debug|Win32
		{4098107A-5FF1-4EC5-A86A-A3296AD534A4}.Debug|x86.Build.0 = Debug|Win32
		{4098107A-5FF1-4EC5-A86A-A3296AD534A4}.Release|x64.ActiveCfg = Release|x64
		{4098107A-5FF1-4EC5-A86A-A3296AD534A4}.Release|x64.Build.0 = Release|x64
		{4098107A-5FF1-4EC5-A86A-A3296AD534A4}.Release|x86.ActiveCfg = Release|Win32
		{4098107A-5FF1-4EC5-A86A-A3296AD534A4}.Release|x86.Build.0 = Release|Win32
		{141B3EB1-5943-4AEC-8959-15A4290D1848}.Debug|x64.ActiveCfg = Debug|x64
		{141B3EB1-5943-4AEC-8959-15A4290D1848}.Debug|x64.Build.0 = Debug|x64
		{141B3EB1-5943-4AEC-8959-15A4290D1848}.Debug|x86.ActiveCfg = Debug|Win32
		{141B3EB1-5943-4AEC-8959-15A4290D1848}.Debug|x86.Build.0 = Debug|Win32
		{141B3EB1-5943-4AEC-8959-15A4290D1848}.Release|x64.ActiveCfg = Release|x64
		{141B3EB1-5943-4AEC-8959-15A4290D1848}.Release|x64.Build.0 = Release|x64
		{141B3EB1-5943-4AEC-8959-15A4290D1848}.Release|x86.ActiveCfg = Release|Win32
		{141B3EB1-5943-4AEC-8959-15A4290D1848}.Release|x86.Build.0 = Release|Win32
		{D2707CC8-C762-4AF2-9FF3-49E936FB13E6}.Debug|x64.ActiveCfg = Debug|x64
		{D2707CC8-C762-4AF2-9FF3-49E936FB13E6}.Debug|x64.Build.0 = Debug|x64
		{D2707CC8-C762-4AF2-9FF3-49E936FB13E6}.Debug|x86.ActiveCfg = Debug|Win32
		{D2707CC8-C762-4AF2-9FF3-49E936FB13E6}.Debug|x86.Build.0 = Debug|Win32
		{D2707CC8-C762-4AF2-9FF3-49E936FB13E6}.Release|x64.ActiveCfg = Release|x64
		{D2707CC8-C762-4AF2-9FF3-49E936FB13E6}.Release|x64.Build.0 = Release|x64
		{D2707CC8-C762-4AF2-9FF3-49E936FB13E6}.Release|x86.ActiveCfg = Release|Win32
		{D2707CC8-C762-4AF2-9FF3-49E936FB13E6}.Release|x86.Build.0 = Release|Win32
		{7CCF07DA-215E-476D-8B43-0A5777BC917A}.Debug|x64.ActiveCfg = Debug|x64
		{7CCF07DA-215E-476D-8B43-0A5777BC917A}.Debug|x64.Build.0 = Debug|x64
		{7CCF07DA-215E-476D-8B43-0A5777BC917A}.Debug|x86.ActiveCfg = Debug|Win32
		{7CCF07DA-215E-476D-8B43-0A5777BC917A}.Debug|x86.Build.0 = Debug|Win32
		{7CCF07DA-215E-476D-8B43-0A5777BC917A}.Release|x64.ActiveCfg = Release|x64
		{7CCF07DA-215E-476D-8B43-0A5777BC917A}.Release|x64.Build.0 = Release|x64
		{7CCF07DA-215E-476D-8B43-0A5777BC917A}.Release|x86.ActiveCfg = Release|Win32
		{7CCF07DA-215E-476D-8B43-0A5777BC917A}.Release|x86.Build.0 = Release|Win32
		{CCB67702-B577-4003-965B-9BCCC8FAA3BE}.Debug|x64.ActiveCfg = Debug|x64
		{CCB67702-B577-4003-965B-9BCCC8FAA3BE}.Debug|x64.Build.0 = Debug|x64
		{CCB67702-B577-4003-965B-9BCCC8FAA3BE}.Debug|x86.ActiveCfg = Debug|Win32
		{CCB67702-B577-4003-965B-9BCCC8FAA3BE}.Debug|x86.Build.0 = Debug|Win32
		{CCB67702-B577-4003-965B-9BCCC8FAA3BE}.Release|x64.ActiveCfg = Release|x64
		{CCB67702-B577-4003-965B-9BCCC8FAA3BE}.Release|x64.Build.0 = Release|x64
		{CCB67702-B577-4003-965B-9BCCC8FAA3BE}.Release|x86.ActiveCfg = Release|Win32
		{CCB67702-B577-4003-965B-9BCCC8FAA3BE}.Release|x86.Build.0 = Release|Win32
		{391CFFA0-E474-4ABD-9796-B523BC587403}.Debug|x64.ActiveCfg = Debug|x64
		{391CFFA0-E474-4ABD-9796-B523BC587403}.Debug|x64.Build.0 = Debug|x64
		{391CFFA0-E474-4ABD-9796-B523BC587403}.Debug|x86.ActiveCfg = Debug|Win32
		{391CFFA0-E474-4ABD-9796-B523BC587403}.Debug|x86.Build.0 = Debug|Win32
		{391CFFA0-E474-4ABD-9796-B523BC587403}.Release|x64.ActiveCfg = Release|x64
		{391CFFA0-E474-4ABD-9796-B523BC587403}.Release|x64.Build.0 = Release|x64
		{391CFFA0-E474-4ABD-9796-B523BC587403}.Release|x86.ActiveCfg = Release|Win32
		{391CFFA0-E474-4ABD-9796-B523BC587403}.Release|x86.Build.0 = Release|Win32
		{E2EED5AC-1A8C-4FF6-89A3-E730EAFD0F3D}.Debug|x64.ActiveCfg = Debug|x64
		{E2EED5AC-1A8C-4FF6-89A3-E730EAFD0F3D}.Debug|x64.Build.0 = Debug|x64
		{E2EED5AC-1A8C-4FF6-89A3-E730EAFD0F3D}.Debug|x86.ActiveCfg = Debug|Win32
		{E2EED5AC-1A8C-4FF6-89A3-E730EAFD0F3D}.Debug|x86.Build.0 = Debug|Win32
		{E2EED5AC-1A8C-4FF6-89A3-E730EAFD0F3D}.Release|x64.ActiveCfg = Release|x64
		{E2EED5AC-1A8C-4FF6-89A3-E730EAFD0F3D}.Release|x64.Build.0 = Release|x64
		{E2EED5AC-1A8C-4FF6-89A3-E730EAFD0F3D}.Release|x86.ActiveCfg = Release|Win32
		{E2EED5AC-1A8C-4FF6-89A3-E730EAFD0F3D}.Release|x86.Build.0 = Release|Win32
		{361AC695-F88D-4BF2-9F22-6C7B86D131AD}.Debug|x64.ActiveCfg = Debug|x64
		{361AC695-F88D-4BF2-9F22-6C7B86D131AD}.Debug|x64.Build.0 = Debug|x64
		{361AC695-F88D-4BF2-9F22-6C7B86D131AD}.Debug|x86.ActiveCfg = Debug|Win32
		{361AC695-F88D-4BF2-9F22-6C7B86D131AD}.Debug|x86.Build.0 = Debug|Win32
		{361AC695-F88D-4BF2-9F22-6C7B86D131AD}.Release|x64.ActiveCfg = Release|x64
		{361AC695-F88D-4BF2-9F22-6C7B86D131AD}.Release|x64.Build.0 = Release|x64
		{361AC695-F88D-4BF2-9F22-6C7B86D131AD}.Release|x86.ActiveCfg = Release|Win32
		{361AC695-F88D-4BF2-9F22-6C7B86D131AD}.Release|x86.Build.0 = Release|Win32
		{0E7EAA39-9837-4ECD-9A8D-4BE479A4145E}.Debug|x64.ActiveCfg = Debug|x64
		{0E7EAA39-9837-4ECD-9A8D-4BE479A4145E}.Debug|x64.Build.0 = Debug|x64
		{0E7EAA39-9837-4ECD-9A8D-4BE479A4145E}.Debug|x86.ActiveCfg = Debug|Win32
		{0E7EAA39-9837-4ECD-9A8D-4BE479A4145E}.Debug|x86.Build.0 = Debug|Win32
		{0E7EAA39-9837-4ECD-9A8D-4BE479A4145E}.Release|x64.ActiveCfg = Release|x64
		{0E7EAA39-9837-4ECD-9A8D-4BE479A4145E}.Release|x64.Build.0 = Release|x64
		{0E7EAA39-9837-4ECD-9A8D-4BE479A4145E}.Release|x86.ActiveCfg = Release|Win32
		{0E7EAA39-9837-4ECD-9A8D-4BE479A4145E}.Release|x86.Build.0 = Release|Win32
		{D48083C8-DB5D-4348-AC0F-4EEAC7862D5C}.Debug|x64.ActiveCfg = Debug|x64
		{D48083C8-DB5D-4348-AC0F-4EEAC7862D5C}.Debug|x64.Build.0 = Debug|x64
		{D48083C8-DB5D-4348-AC0F-4EEAC7862D5C}.Debug|x86.ActiveCfg = Debug|Win32
		{D48083C8-DB5D-4348-AC0F-4EEAC7862D5C}.Debug|x86.Build.0 = Debug|Win32
		{D48083C8-DB5D-4348-AC0F-4EEAC7862D5C}.Release|x64.ActiveCfg = Release|x64
		{D48083C8-DB5D-4348-AC0F-4EEAC7862D5C}.Release|x64.Build.0 = Release|x64
		{D48083C8-DB5D-4348-AC0F-4EEAC7862D5C}.Release|x86.ActiveCfg = Release|Win32
		{D48083C8-DB5D-4348-AC0F-4EEAC7862D5C}.Release|x86.Build.0 = Release|Win32
		{B004C562-417A-45A8-8A69-0C6F78755D1D}.Debug|x64.ActiveCfg = Debug|x64
		{B004C562-417A-45A8-8A69-0C6F78755D1D}.Debug|x64.Build.0 = Debug|x64
		{B004C562-417A-45A8-8A69-0C6F78755D1D}.Debug|x86.ActiveCfg = Debug|Win32
		{B004C562-417A-45A8-8A69-0C6F78755D1D}.Debug|x86.Build.0 = Debug|Win32
		{B004C562-417A-45A8-8A69-0C6F78755D1D}.Release|x64.ActiveCfg = Release|x64
		{B004C562-417A-45A8-8A69-0C6F78755D1D}.Release|x64.Build.0 = Release|x64
		{B004C562-417A-45A8-8A69-0C6F78755D1D}.Release|x86.ActiveCfg = Release|Win32
		{B004C562-417A-45A8-8A69-0C6F78755D1D}.Release|x86.Build.0 = Release|Win32
		{9B57CA99-7BF9-42C5-8FE9-BA808E3003F6}.Debug|x64.ActiveCfg = Debug|x64
		{9B57CA99-7BF9-42C5-8FE9-BA808E3003F6}.Debug|x64.Build.0 = Debug|x64
		{9B57CA99-7BF9-42C5-8FE9-BA808E3003F6}.Debug|x86.ActiveCfg = Debug|Win32
		{9B57CA99-7BF9-42C5-8FE9-BA808E3003F6}.Debug|x86.Build.0 = Debug|Win32
		{9B57CA99-7BF9-42C5-8FE9-BA808E3003F6}.Release|x64.ActiveCfg = Release|x64
		{9B57CA99-7BF9-42C5-8FE9-BA808E3003F6}.Release|x64.Build.0 = Release|x64
		{9B57CA99-7BF9-42C5-8FE9-BA808E3003F6}.Release|x86.ActiveCfg = Release|Win32
		{9B57CA99-7BF9-42C5-8FE9-BA808E3003F6}.Release|x86.Build.0 = Release|Win32
		{007F6E3F-C1B5-4831-93DD-D73C85FB8597}.Debug|x64.ActiveCfg = Debug|x64
		{007F6E3F-C1B5-4831-93DD-D73C85FB8597}.Debug|x64.Build.0 = Debug|x64
		{007F6E3F-C1B5-4831-93DD-D73C85FB8597}.Debug|x86.ActiveCfg = Debug|Win32
		{007F6E3F-C1B5-4831-93DD-D73C85FB8597}.Debug|x86.Build.0 = Debug|Win32
		{007F6E3F-C1B5-4831-93DD-D73C85FB8597}.Release|x64.ActiveCfg = Release|x64
		{007F6E3F-C1B5-4831-93DD-D73C85FB8597}.Release|x64.Build.0 = Release|x64
		{007F6E3F-C1B5-4831-93DD-D73C85FB8597}.Release|x86.ActiveCfg = Release|Win32
		{007F6E3F-C1B5-4831-93DD-D73C85FB8597}.Release|x86.Build.0 = Release|Win32
		{A2732FB5-024C-46FF-8255-8FF2BDEE9D32}.Debug|x64.ActiveCfg = Debug|x64
		{A2732FB5-024C-46FF-8255-8FF2BDEE9D32}.Debug|x64.Build.0 = Debug|x64
		{A2732FB5-024C-46FF-8255-8FF2BDEE9D32}.Debug|x86.ActiveCfg = Debug|Win32
		{A2732FB5-024C-46FF-8255-8FF2BDEE9D32}.Debug|x86.Build.0 = Debug|Win32
		{A2732FB5-024C-46FF-8255-8FF2BDEE9D32}.Release|x64.ActiveCfg = Release|x64
		{A2732FB5-024C-46FF-8255-8FF2BDEE9D32}.Release|x64.Build.0 = Release|x64
		{A2732FB5-024C-46FF-8255-8FF2BDEE9D32}.Release|x86.ActiveCfg = Release|Win32
		{A2732FB5-024C-46FF-8255-8FF2BDEE9D32}.Release|x86.Build.0 = Release|Win32
	EndGlobalSection
	GlobalSection(SolutionProperties) = preSolution
		HideSolutionNode = FALSE
	EndGlobalSection
	GlobalSection(ExtensibilityGlobals) = postSolution
		SolutionGuid = {35578918-9F70-408B-A2BB-36010ADF4332}
	EndGlobalSection
EndGlobal
