
Microsoft Visual Studio Solution File, Format Version 12.00
# Visual Studio Version 17
VisualStudioVersion = 17.14.36511.14
MinimumVisualStudioVersion = 10.0.40219.1
Project("{8BC9CEB8-8B4A-11D0-8D11-00A0C91BC942}") = "Ex_04_01", "Ex_04_01\Ex_04_01.vcxproj", "{B7431920-7BFE-43C9-9752-AA8B51243BA8}"
EndProject
Project("{8BC9CEB8-8B4A-11D0-8D11-00A0C91BC942}") = "Ex_04_02", "Ex_04_02\Ex_04_02.vcxproj", "{C4F2BA1D-EF65-43EB-8E43-A3F272B60CB6}"
EndProject
Project("{8BC9CEB8-8B4A-11D0-8D11-00A0C91BC942}") = "Ex_04_03", "Ex_04_03\Ex_04_03.vcxproj", "{D4BB48A1-9669-4DCC-A72C-F5E3EB910FB3}"
EndProject
Project("{8BC9CEB8-8B4A-11D0-8D11-00A0C91BC942}") = "Ex_04_04", "Ex_04_04\Ex_04_04.vcxproj", "{C367E9DD-0930-4A9C-BBF2-585C8FDD02FF}"
EndProject
Project("{8BC9CEB8-8B4A-11D0-8D11-00A0C91BC942}") = "Ex_04_05", "Ex_04_05\Ex_04_05.vcxproj", "{D18C529C-53CF-4B9E-8211-E28596923F5D}"
EndProject
Project("{8BC9CEB8-8B4A-11D0-8D11-00A0C91BC942}") = "Ex_04_06", "Ex_04_06\Ex_04_06.vcxproj", "{14E1FE5E-1C94-42E3-BA4F-1E5D15B4F207}"
EndProject
Project("{8BC9CEB8-8B4A-11D0-8D11-00A0C91BC942}") = "Ex_04_07", "Ex_04_07\Ex_04_07.vcxproj", "{BD87B051-CA83-4EC6-B48D-36E5B7481E05}"
EndProject
Project("{8BC9CEB8-8B4A-11D0-8D11-00A0C91BC942}") = "Ex_04_08", "Ex_04_08\Ex_04_08.vcxproj", "{78D98F65-17C4-4A78-B3B5-4FC1F98C09F2}"
EndProject
Project("{8BC9CEB8-8B4A-11D0-8D11-00A0C91BC942}") = "Ex_04_09", "Ex_04_09\Ex_04_09.vcxproj", "{C699044F-9BF5-48CE-BC6D-09DA1AAA22F4}"
EndProject
Project("{8BC9CEB8-8B4A-11D0-8D11-00A0C91BC942}") = "Ex_04_10", "Ex_04_10\Ex_04_10.vcxproj", "{8374E33E-3244-4EFE-BBD1-FE70021AF1EB}"
EndProject
Project("{8BC9CEB8-8B4A-11D0-8D11-00A0C91BC942}") = "Ex_04_11", "Ex_04_11\Ex_04_11.vcxproj", "{1495F6B3-E27B-4658-8B2E-56D6AF7C43CD}"
EndProject
Project("{8BC9CEB8-8B4A-11D0-8D11-00A0C91BC942}") = "Ex_04_12", "Ex_04_12\Ex_04_12.vcxproj", "{0C965746-0B72-4460-935A-2E8DA52F3102}"
EndProject
Project("{8BC9CEB8-8B4A-11D0-8D11-00A0C91BC942}") = "Ex_04_13", "Ex_04_13\Ex_04_13.vcxproj", "{BF587D5B-EB40-479E-9AB4-615D9D1A6894}"
EndProject
Project("{8BC9CEB8-8B4A-11D0-8D11-00A0C91BC942}") = "Ex_04_14", "Ex_04_14\Ex_04_14.vcxproj", "{371C77A1-9999-418F-A3B2-8595B05ED8D1}"
EndProject
Project("{8BC9CEB8-8B4A-11D0-8D11-00A0C91BC942}") = "Ex_04_15", "Ex_04_15\Ex_04_15.vcxproj", "{5E1235F1-83C5-43FA-9055-20239D00D4AB}"
EndProject
Project("{8BC9CEB8-8B4A-11D0-8D11-00A0C91BC942}") = "Ex_04_16", "Ex_04_16\Ex_04_16.vcxproj", "{407CDC9A-CE4F-427C-A10F-CD1944BBE8FD}"
EndProject
Project("{8BC9CEB8-8B4A-11D0-8D11-00A0C91BC942}") = "Ex_04_17", "Ex_04_17\Ex_04_17.vcxproj", "{4098107A-5FF1-4EC5-A86A-A3296AD534A4}"
EndProject
Project("{8BC9CEB8-8B4A-11D0-8D11-00A0C91BC942}") = "Ex_04_19", "Ex_04_19\Ex_04_19.vcxproj", "{141B3EB1-5943-4AEC-8959-15A4290D1848}"
EndProject
Project("{8BC9CEB8-8B4A-11D0-8D11-00A0C91BC942}") = "Ex_04_18", "Ex_04_18\Ex_04_18.vcxproj", "{D2707CC8-C762-4AF2-9FF3-49E936FB13E6}"
EndProject
Project("{8BC9CEB8-8B4A-11D0-8D11-00A0C91BC942}") = "Ex_04_20", "Ex_04_20\Ex_04_20.vcxproj", "{7CCF07DA-215E-476D-8B43-0A5777BC917A}"
EndProject
Project("{8BC9CEB8-8B4A-11D0-8D11-00A0C91BC942}") = "Ex_04_21", "Ex_04_21\Ex_04_21.vcxproj", "{CCB67702-B577-4003-965B-9BCCC8FAA3BE}"
EndProject
Project("{8BC9CEB8-8B4A-11D0-8D11-00A0C91BC942}") = "Ex_05_02_01", "Ex_05_02_01\Ex_05_02_01.vcxproj", "{391CFFA0-E474-4ABD-9796-B523BC587403}"
EndProject
Project("{8BC9CEB8-8B4A-11D0-8D11-00A0C91BC942}") = "Ex_05_02_02", "Ex_05_02_02\Ex_05_02_02.vcxproj", "{E2EED5AC-1A8C-4FF6-89A3-E730EAFD0F3D}"
EndProject
Project("{8BC9CEB8-8B4A-11D0-8D11-00A0C91BC942}") = "Ex_05_02_03", "Ex_05_02_03\Ex_05_02_03.vcxproj", "{361AC695-F88D-4BF2-9F22-6C7B86D131AD}"
EndProject
Project("{8BC9CEB8-8B4A-11D0-8D11-00A0C91BC942}") = "Ex_05_02_04", "Ex_05_02_04\Ex_05_02_04.vcxproj", "{0E7EAA39-9837-4ECD-9A8D-4BE479A4145E}"
EndProject
Project("{8BC9CEB8-8B4A-11D0-8D11-00A0C91BC942}") = "Ex_05_02_05", "Ex_05_02_05\Ex_05_02_05.vcxproj", "{D48083C8-DB5D-4348-AC0F-4EEAC7862D5C}"
EndProject
Project("{8BC9CEB8-8B4A-11D0-8D11-00A0C91BC942}") = "Ex_05_02_06", "Ex_05_02_06\Ex_05_02_06.vcxproj", "{B004C562-417A-45A8-8A69-0C6F78755D1D}"
EndProject
Project("{8BC9CEB8-8B4A-11D0-8D11-00A0C91BC942}") = "Ex_05_02_07", "Ex_05_02_07\Ex_05_02_07.vcxproj", "{9B57CA99-7BF9-42C5-8FE9-BA808E3003F6}"
EndProject
Project("{8BC9CEB8-8B4A-11D0-8D11-00A0C91BC942}") = "Ex_05_02_08", "Ex_05_02_08\Ex_05_02_08.vcxproj", "{007F6E3F-C1B5-4831-93DD-D73C85FB8597}"
EndProject
Project("{8BC9CEB8-8B4A-11D0-8D11-00A0C91BC942}") = "Ex_05_02_09", "Ex_05_02_09\Ex_05_02_09.vcxproj", "{A2732FB5-024C-46FF-8255-8FF2BDEE9D32}"
EndProject
Project("{2150E333-8FDC-42A3-9474-1A3956D46DE8}") = "Ex_04", "Ex_04", "{02EA681E-C7D8-13C7-8484-4AC65E1B71E8}"
EndProject
Project("{2150E333-8FDC-42A3-9474-1A3956D46DE8}") = "Ex_05_02", "Ex_05_02", "{E19F229F-ADA3-44A8-8627-5680C6EFDE0C}"
EndProject
Project("{8BC9CEB8-8B4A-11D0-8D11-00A0C91BC942}") = "Ex_05_02_10", "Ex_05_02_10\Ex_05_02_10.vcxproj", "{D22EF62B-407E-4D47-830A-4EDB6C599EE3}"
EndProject
Project("{8BC9CEB8-8B4A-11D0-8D11-00A0C91BC942}") = "Ex_05_02_11", "Ex_05_02_11\Ex_05_02_11.vcxproj", "{02B2AC79-65FC-4B21-9A3A-65854DFD0F8C}"
EndProject
Project("{8BC9CEB8-8B4A-11D0-8D11-00A0C91BC942}") = "Ex_05_02_12", "Ex_05_02_12\Ex_05_02_12.vcxproj", "{F4475040-6BA3-4D0C-8968-6D0262891420}"
EndProject
Project("{8BC9CEB8-8B4A-11D0-8D11-00A0C91BC942}") = "Ex_05_02_13", "Ex_05_02_13\Ex_05_02_13.vcxproj", "{22DD6282-9A6E-4D8E-8856-21D72C453C9E}"
EndProject
Project("{8BC9CEB8-8B4A-11D0-8D11-00A0C91BC942}") = "Ex_05_02_14", "Ex_05_02_14\Ex_05_02_14.vcxproj", "{42FB4886-256B-4881-B850-B54AC964F38B}"
EndProject
Project("{8BC9CEB8-8B4A-11D0-8D11-00A0C91BC942}") = "Ex_05_02_15", "Ex_05_02_15\Ex_05_02_15.vcxproj", "{D6E48278-CE20-4D04-91D2-C25FDB47E57A}"
EndProject
Project("{8BC9CEB8-8B4A-11D0-8D11-00A0C91BC942}") = "Ex_05_02_16", "Ex_05_02_16\Ex_05_02_16.vcxproj", "{D32AA868-AFCC-4874-BD08-07E73D492974}"
EndProject
Project("{8BC9CEB8-8B4A-11D0-8D11-00A0C91BC942}") = "Ex_05_02_17", "Ex_05_02_17\Ex_05_02_17.vcxproj", "{74D9CDBD-DE7D-412E-BA72-37660E68EA03}"
EndProject
Project("{8BC9CEB8-8B4A-11D0-8D11-00A0C91BC942}") = "Ex_05_02_18", "Ex_05_02_18\Ex_05_02_18.vcxproj", "{9C457A59-BFD2-45E1-9BBB-8A7BA7E6D974}"
EndProject
Project("{2150E333-8FDC-42A3-9474-1A3956D46DE8}") = "Ex_05_03", "Ex_05_03", "{D45359B6-FD21-4285-8394-0915F316DC4E}"
EndProject
Project("{8BC9CEB8-8B4A-11D0-8D11-00A0C91BC942}") = "Ex_05_03_01", "Ex_05_03_01\Ex_05_03_01.vcxproj", "{0278114A-43A9-4D0E-8C50-9925EDD54B43}"
EndProject
Project("{8BC9CEB8-8B4A-11D0-8D11-00A0C91BC942}") = "Ex_05_03_02", "Ex_05_03_02\Ex_05_03_02.vcxproj", "{9A040451-A8E2-4D58-86AB-EB0084655847}"
EndProject
Project("{8BC9CEB8-8B4A-11D0-8D11-00A0C91BC942}") = "Ex_05_03_03", "Ex_05_03_03\Ex_05_03_03.vcxproj", "{6EB59D2C-F223-4C5E-AF97-3EE3F491264D}"
EndProject
Project("{8BC9CEB8-8B4A-11D0-8D11-00A0C91BC942}") = "Ex_05_03_04", "Ex_05_03_04\Ex_05_03_04.vcxproj", "{8F22F779-9B4C-4B73-926F-CD1B5796AC9F}"
EndProject
Project("{8BC9CEB8-8B4A-11D0-8D11-00A0C91BC942}") = "Ex_05_03_05", "Ex_05_03_05\Ex_05_03_05.vcxproj", "{07D57FF8-0A03-4199-86D1-169EDD633F7D}"
EndProject
Project("{8BC9CEB8-8B4A-11D0-8D11-00A0C91BC942}") = "Ex_05_03_06", "Ex_05_03_06\Ex_05_03_06.vcxproj", "{6D0A35CE-D41F-48B6-8E81-D791F49EAB92}"
EndProject
Project("{8BC9CEB8-8B4A-11D0-8D11-00A0C91BC942}") = "Ex_05_03_17", "Ex_05_03_17\Ex_05_03_17.vcxproj", "{38CE9387-E6EF-4715-BD3A-7CF69FBBD3D7}"
EndProject
Project("{8BC9CEB8-8B4A-11D0-8D11-00A0C91BC942}") = "Ex_05_03_13", "Ex_05_03_13\Ex_05_03_13.vcxproj", "{5EED1821-BA96-4816-A945-F5B9F215D656}"
EndProject
Project("{8BC9CEB8-8B4A-11D0-8D11-00A0C91BC942}") = "Ex_05_03_16", "Ex_05_03_16\Ex_05_03_16.vcxproj", "{6AB90861-F885-4164-B945-73F1EAC34E36}"
EndProject
Global
	GlobalSection(SolutionConfigurationPlatforms) = preSolution
		Debug|x64 = Debug|x64
		Debug|x86 = Debug|x86
		Release|x64 = Release|x64
		Release|x86 = Release|x86
	EndGlobalSection
	GlobalSection(ProjectConfigurationPlatforms) = postSolution
		{B7431920-7BFE-43C9-9752-AA8B51243BA8}.Debug|x64.ActiveCfg = Debug|x64
		{B7431920-7BFE-43C9-9752-AA8B51243BA8}.Debug|x64.Build.0 = Debug|x64
		{B7431920-7BFE-43C9-9752-AA8B51243BA8}.Debug|x86.ActiveCfg = Debug|Win32
		{B7431920-7BFE-43C9-9752-AA8B51243BA8}.Debug|x86.Build.0 = Debug|Win32
		{B7431920-7BFE-43C9-9752-AA8B51243BA8}.Release|x64.ActiveCfg = Release|x64
		{B7431920-7BFE-43C9-9752-AA8B51243BA8}.Release|x64.Build.0 = Release|x64
		{B7431920-7BFE-43C9-9752-AA8B51243BA8}.Release|x86.ActiveCfg = Release|Win32
		{B7431920-7BFE-43C9-9752-AA8B51243BA8}.Release|x86.Build.0 = Release|Win32
		{C4F2BA1D-EF65-43EB-8E43-A3F272B60CB6}.Debug|x64.ActiveCfg = Debug|x64
		{C4F2BA1D-EF65-43EB-8E43-A3F272B60CB6}.Debug|x64.Build.0 = Debug|x64
		{C4F2BA1D-EF65-43EB-8E43-A3F272B60CB6}.Debug|x86.ActiveCfg = Debug|Win32
		{C4F2BA1D-EF65-43EB-8E43-A3F272B60CB6}.Debug|x86.Build.0 = Debug|Win32
		{C4F2BA1D-EF65-43EB-8E43-A3F272B60CB6}.Release|x64.ActiveCfg = Release|x64
		{C4F2BA1D-EF65-43EB-8E43-A3F272B60CB6}.Release|x64.Build.0 = Release|x64
		{C4F2BA1D-EF65-43EB-8E43-A3F272B60CB6}.Release|x86.ActiveCfg = Release|Win32
		{C4F2BA1D-EF65-43EB-8E43-A3F272B60CB6}.Release|x86.Build.0 = Release|Win32
		{D4BB48A1-9669-4DCC-A72C-F5E3EB910FB3}.Debug|x64.ActiveCfg = Debug|x64
		{D4BB48A1-9669-4DCC-A72C-F5E3EB910FB3}.Debug|x64.Build.0 = Debug|x64
		{D4BB48A1-9669-4DCC-A72C-F5E3EB910FB3}.Debug|x86.ActiveCfg = Debug|Win32
		{D4BB48A1-9669-4DCC-A72C-F5E3EB910FB3}.Debug|x86.Build.0 = Debug|Win32
		{D4BB48A1-9669-4DCC-A72C-F5E3EB910FB3}.Release|x64.ActiveCfg = Release|x64
		{D4BB48A1-9669-4DCC-A72C-F5E3EB910FB3}.Release|x64.Build.0 = Release|x64
		{D4BB48A1-9669-4DCC-A72C-F5E3EB910FB3}.Release|x86.ActiveCfg = Release|Win32
		{D4BB48A1-9669-4DCC-A72C-F5E3EB910FB3}.Release|x86.Build.0 = Release|Win32
		{C367E9DD-0930-4A9C-BBF2-585C8FDD02FF}.Debug|x64.ActiveCfg = Debug|x64
		{C367E9DD-0930-4A9C-BBF2-585C8FDD02FF}.Debug|x64.Build.0 = Debug|x64
		{C367E9DD-0930-4A9C-BBF2-585C8FDD02FF}.Debug|x86.ActiveCfg = Debug|Win32
		{C367E9DD-0930-4A9C-BBF2-585C8FDD02FF}.Debug|x86.Build.0 = Debug|Win32
		{C367E9DD-0930-4A9C-BBF2-585C8FDD02FF}.Release|x64.ActiveCfg = Release|x64
		{C367E9DD-0930-4A9C-BBF2-585C8FDD02FF}.Release|x64.Build.0 = Release|x64
		{C367E9DD-0930-4A9C-BBF2-585C8FDD02FF}.Release|x86.ActiveCfg = Release|Win32
		{C367E9DD-0930-4A9C-BBF2-585C8FDD02FF}.Release|x86.Build.0 = Release|Win32
		{D18C529C-53CF-4B9E-8211-E28596923F5D}.Debug|x64.ActiveCfg = Debug|x64
		{D18C529C-53CF-4B9E-8211-E28596923F5D}.Debug|x64.Build.0 = Debug|x64
		{D18C529C-53CF-4B9E-8211-E28596923F5D}.Debug|x86.ActiveCfg = Debug|Win32
		{D18C529C-53CF-4B9E-8211-E28596923F5D}.Debug|x86.Build.0 = Debug|Win32
		{D18C529C-53CF-4B9E-8211-E28596923F5D}.Release|x64.ActiveCfg = Release|x64
		{D18C529C-53CF-4B9E-8211-E28596923F5D}.Release|x64.Build.0 = Release|x64
		{D18C529C-53CF-4B9E-8211-E28596923F5D}.Release|x86.ActiveCfg = Release|Win32
		{D18C529C-53CF-4B9E-8211-E28596923F5D}.Release|x86.Build.0 = Release|Win32
		{14E1FE5E-1C94-42E3-BA4F-1E5D15B4F207}.Debug|x64.ActiveCfg = Debug|x64
		{14E1FE5E-1C94-42E3-BA4F-1E5D15B4F207}.Debug|x64.Build.0 = Debug|x64
		{14E1FE5E-1C94-42E3-BA4F-1E5D15B4F207}.Debug|x86.ActiveCfg = Debug|Win32
		{14E1FE5E-1C94-42E3-BA4F-1E5D15B4F207}.Debug|x86.Build.0 = Debug|Win32
		{14E1FE5E-1C94-42E3-BA4F-1E5D15B4F207}.Release|x64.ActiveCfg = Release|x64
		{14E1FE5E-1C94-42E3-BA4F-1E5D15B4F207}.Release|x64.Build.0 = Release|x64
		{14E1FE5E-1C94-42E3-BA4F-1E5D15B4F207}.Release|x86.ActiveCfg = Release|Win32
		{14E1FE5E-1C94-42E3-BA4F-1E5D15B4F207}.Release|x86.Build.0 = Release|Win32
		{BD87B051-CA83-4EC6-B48D-36E5B7481E05}.Debug|x64.ActiveCfg = Debug|x64
		{BD87B051-CA83-4EC6-B48D-36E5B7481E05}.Debug|x64.Build.0 = Debug|x64
		{BD87B051-CA83-4EC6-B48D-36E5B7481E05}.Debug|x86.ActiveCfg = Debug|Win32
		{BD87B051-CA83-4EC6-B48D-36E5B7481E05}.Debug|x86.Build.0 = Debug|Win32
		{BD87B051-CA83-4EC6-B48D-36E5B7481E05}.Release|x64.ActiveCfg = Release|x64
		{BD87B051-CA83-4EC6-B48D-36E5B7481E05}.Release|x64.Build.0 = Release|x64
		{BD87B051-CA83-4EC6-B48D-36E5B7481E05}.Release|x86.ActiveCfg = Release|Win32
		{BD87B051-CA83-4EC6-B48D-36E5B7481E05}.Release|x86.Build.0 = Release|Win32
		{78D98F65-17C4-4A78-B3B5-4FC1F98C09F2}.Debug|x64.ActiveCfg = Debug|x64
		{78D98F65-17C4-4A78-B3B5-4FC1F98C09F2}.Debug|x64.Build.0 = Debug|x64
		{78D98F65-17C4-4A78-B3B5-4FC1F98C09F2}.Debug|x86.ActiveCfg = Debug|Win32
		{78D98F65-17C4-4A78-B3B5-4FC1F98C09F2}.Debug|x86.Build.0 = Debug|Win32
		{78D98F65-17C4-4A78-B3B5-4FC1F98C09F2}.Release|x64.ActiveCfg = Release|x64
		{78D98F65-17C4-4A78-B3B5-4FC1F98C09F2}.Release|x64.Build.0 = Release|x64
		{78D98F65-17C4-4A78-B3B5-4FC1F98C09F2}.Release|x86.ActiveCfg = Release|Win32
		{78D98F65-17C4-4A78-B3B5-4FC1F98C09F2}.Release|x86.Build.0 = Release|Win32
		{C699044F-9BF5-48CE-BC6D-09DA1AAA22F4}.Debug|x64.ActiveCfg = Debug|x64
		{C699044F-9BF5-48CE-BC6D-09DA1AAA22F4}.Debug|x64.Build.0 = Debug|x64
		{C699044F-9BF5-48CE-BC6D-09DA1AAA22F4}.Debug|x86.ActiveCfg = Debug|Win32
		{C699044F-9BF5-48CE-BC6D-09DA1AAA22F4}.Debug|x86.Build.0 = Debug|Win32
		{C699044F-9BF5-48CE-BC6D-09DA1AAA22F4}.Release|x64.ActiveCfg = Release|x64
		{C699044F-9BF5-48CE-BC6D-09DA1AAA22F4}.Release|x64.Build.0 = Release|x64
		{C699044F-9BF5-48CE-BC6D-09DA1AAA22F4}.Release|x86.ActiveCfg = Release|Win32
		{C699044F-9BF5-48CE-BC6D-09DA1AAA22F4}.Release|x86.Build.0 = Release|Win32
		{8374E33E-3244-4EFE-BBD1-FE70021AF1EB}.Debug|x64.ActiveCfg = Debug|x64
		{8374E33E-3244-4EFE-BBD1-FE70021AF1EB}.Debug|x64.Build.0 = Debug|x64
		{8374E33E-3244-4EFE-BBD1-FE70021AF1EB}.Debug|x86.ActiveCfg = Debug|Win32
		{8374E33E-3244-4EFE-BBD1-FE70021AF1EB}.Debug|x86.Build.0 = Debug|Win32
		{8374E33E-3244-4EFE-BBD1-FE70021AF1EB}.Release|x64.ActiveCfg = Release|x64
		{8374E33E-3244-4EFE-BBD1-FE70021AF1EB}.Release|x64.Build.0 = Release|x64
		{8374E33E-3244-4EFE-BBD1-FE70021AF1EB}.Release|x86.ActiveCfg = Release|Win32
		{8374E33E-3244-4EFE-BBD1-FE70021AF1EB}.Release|x86.Build.0 = Release|Win32
		{1495F6B3-E27B-4658-8B2E-56D6AF7C43CD}.Debug|x64.ActiveCfg = Debug|x64
		{1495F6B3-E27B-4658-8B2E-56D6AF7C43CD}.Debug|x64.Build.0 = Debug|x64
		{1495F6B3-E27B-4658-8B2E-56D6AF7C43CD}.Debug|x86.ActiveCfg = Debug|Win32
		{1495F6B3-E27B-4658-8B2E-56D6AF7C43CD}.Debug|x86.Build.0 = Debug|Win32
		{1495F6B3-E27B-4658-8B2E-56D6AF7C43CD}.Release|x64.ActiveCfg = Release|x64
		{1495F6B3-E27B-4658-8B2E-56D6AF7C43CD}.Release|x64.Build.0 = Release|x64
		{1495F6B3-E27B-4658-8B2E-56D6AF7C43CD}.Release|x86.ActiveCfg = Release|Win32
		{1495F6B3-E27B-4658-8B2E-56D6AF7C43CD}.Release|x86.Build.0 = Release|Win32
		{0C965746-0B72-4460-935A-2E8DA52F3102}.Debug|x64.ActiveCfg = Debug|x64
		{0C965746-0B72-4460-935A-2E8DA52F3102}.Debug|x64.Build.0 = Debug|x64
		{0C965746-0B72-4460-935A-2E8DA52F3102}.Debug|x86.ActiveCfg = Debug|Win32
		{0C965746-0B72-4460-935A-2E8DA52F3102}.Debug|x86.Build.0 = Debug|Win32
		{0C965746-0B72-4460-935A-2E8DA52F3102}.Release|x64.ActiveCfg = Release|x64
		{0C965746-0B72-4460-935A-2E8DA52F3102}.Release|x64.Build.0 = Release|x64
		{0C965746-0B72-4460-935A-2E8DA52F3102}.Release|x86.ActiveCfg = Release|Win32
		{0C965746-0B72-4460-935A-2E8DA52F3102}.Release|x86.Build.0 = Release|Win32
		{BF587D5B-EB40-479E-9AB4-615D9D1A6894}.Debug|x64.ActiveCfg = Debug|x64
		{BF587D5B-EB40-479E-9AB4-615D9D1A6894}.Debug|x64.Build.0 = Debug|x64
		{BF587D5B-EB40-479E-9AB4-615D9D1A6894}.Debug|x86.ActiveCfg = Debug|Win32
		{BF587D5B-EB40-479E-9AB4-615D9D1A6894}.Debug|x86.Build.0 = Debug|Win32
		{BF587D5B-EB40-479E-9AB4-615D9D1A6894}.Release|x64.ActiveCfg = Release|x64
		{BF587D5B-EB40-479E-9AB4-615D9D1A6894}.Release|x64.Build.0 = Release|x64
		{BF587D5B-EB40-479E-9AB4-615D9D1A6894}.Release|x86.ActiveCfg = Release|Win32
		{BF587D5B-EB40-479E-9AB4-615D9D1A6894}.Release|x86.Build.0 = Release|Win32
		{371C77A1-9999-418F-A3B2-8595B05ED8D1}.Debug|x64.ActiveCfg = Debug|x64
		{371C77A1-9999-418F-A3B2-8595B05ED8D1}.Debug|x64.Build.0 = Debug|x64
		{371C77A1-9999-418F-A3B2-8595B05ED8D1}.Debug|x86.ActiveCfg = Debug|Win32
		{371C77A1-9999-418F-A3B2-8595B05ED8D1}.Debug|x86.Build.0 = Debug|Win32
		{371C77A1-9999-418F-A3B2-8595B05ED8D1}.Release|x64.ActiveCfg = Release|x64
		{371C77A1-9999-418F-A3B2-8595B05ED8D1}.Release|x64.Build.0 = Release|x64
		{371C77A1-9999-418F-A3B2-8595B05ED8D1}.Release|x86.ActiveCfg = Release|Win32
		{371C77A1-9999-418F-A3B2-8595B05ED8D1}.Release|x86.Build.0 = Release|Win32
		{5E1235F1-83C5-43FA-9055-20239D00D4AB}.Debug|x64.ActiveCfg = Debug|x64
		{5E1235F1-83C5-43FA-9055-20239D00D4AB}.Debug|x64.Build.0 = Debug|x64
		{5E1235F1-83C5-43FA-9055-20239D00D4AB}.Debug|x86.ActiveCfg = Debug|Win32
		{5E1235F1-83C5-43FA-9055-20239D00D4AB}.Debug|x86.Build.0 = Debug|Win32
		{5E1235F1-83C5-43FA-9055-20239D00D4AB}.Release|x64.ActiveCfg = Release|x64
		{5E1235F1-83C5-43FA-9055-20239D00D4AB}.Release|x64.Build.0 = Release|x64
		{5E1235F1-83C5-43FA-9055-20239D00D4AB}.Release|x86.ActiveCfg = Release|Win32
		{5E1235F1-83C5-43FA-9055-20239D00D4AB}.Release|x86.Build.0 = Release|Win32
		{407CDC9A-CE4F-427C-A10F-CD1944BBE8FD}.Debug|x64.ActiveCfg = Debug|x64
		{407CDC9A-CE4F-427C-A10F-CD1944BBE8FD}.Debug|x64.Build.0 = Debug|x64
		{407CDC9A-CE4F-427C-A10F-CD1944BBE8FD}.Debug|x86.ActiveCfg = Debug|Win32
		{407CDC9A-CE4F-427C-A10F-CD1944BBE8FD}.Debug|x86.Build.0 = Debug|Win32
		{407CDC9A-CE4F-427C-A10F-CD1944BBE8FD}.Release|x64.ActiveCfg = Release|x64
		{407CDC9A-CE4F-427C-A10F-CD1944BBE8FD}.Release|x64.Build.0 = Release|x64
		{407CDC9A-CE4F-427C-A10F-CD1944BBE8FD}.Release|x86.ActiveCfg = Release|Win32
		{407CDC9A-CE4F-427C-A10F-CD1944BBE8FD}.Release|x86.Build.0 = Release|Win32
		{4098107A-5FF1-4EC5-A86A-A3296AD534A4}.Debug|x64.ActiveCfg = Debug|x64
		{4098107A-5FF1-4EC5-A86A-A3296AD534A4}.Debug|x64.Build.0 = Debug|x64
		{4098107A-5FF1-4EC5-A86A-A3296AD534A4}.Debug|x86.ActiveCfg = Debug|Win32
		{4098107A-5FF1-4EC5-A86A-A3296AD534A4}.Debug|x86.Build.0 = Debug|Win32
		{4098107A-5FF1-4EC5-A86A-A3296AD534A4}.Release|x64.ActiveCfg = Release|x64
		{4098107A-5FF1-4EC5-A86A-A3296AD534A4}.Release|x64.Build.0 = Release|x64
		{4098107A-5FF1-4EC5-A86A-A3296AD534A4}.Release|x86.ActiveCfg = Release|Win32
		{4098107A-5FF1-4EC5-A86A-A3296AD534A4}.Release|x86.Build.0 = Release|Win32
		{141B3EB1-5943-4AEC-8959-15A4290D1848}.Debug|x64.ActiveCfg = Debug|x64
		{141B3EB1-5943-4AEC-8959-15A4290D1848}.Debug|x64.Build.0 = Debug|x64
		{141B3EB1-5943-4AEC-8959-15A4290D1848}.Debug|x86.ActiveCfg = Debug|Win32
		{141B3EB1-5943-4AEC-8959-15A4290D1848}.Debug|x86.Build.0 = Debug|Win32
		{141B3EB1-5943-4AEC-8959-15A4290D1848}.Release|x64.ActiveCfg = Release|x64
		{141B3EB1-5943-4AEC-8959-15A4290D1848}.Release|x64.Build.0 = Release|x64
		{141B3EB1-5943-4AEC-8959-15A4290D1848}.Release|x86.ActiveCfg = Release|Win32
		{141B3EB1-5943-4AEC-8959-15A4290D1848}.Release|x86.Build.0 = Release|Win32
		{D2707CC8-C762-4AF2-9FF3-49E936FB13E6}.Debug|x64.ActiveCfg = Debug|x64
		{D2707CC8-C762-4AF2-9FF3-49E936FB13E6}.Debug|x64.Build.0 = Debug|x64
		{D2707CC8-C762-4AF2-9FF3-49E936FB13E6}.Debug|x86.ActiveCfg = Debug|Win32
		{D2707CC8-C762-4AF2-9FF3-49E936FB13E6}.Debug|x86.Build.0 = Debug|Win32
		{D2707CC8-C762-4AF2-9FF3-49E936FB13E6}.Release|x64.ActiveCfg = Release|x64
		{D2707CC8-C762-4AF2-9FF3-49E936FB13E6}.Release|x64.Build.0 = Release|x64
		{D2707CC8-C762-4AF2-9FF3-49E936FB13E6}.Release|x86.ActiveCfg = Release|Win32
		{D2707CC8-C762-4AF2-9FF3-49E936FB13E6}.Release|x86.Build.0 = Release|Win32
		{7CCF07DA-215E-476D-8B43-0A5777BC917A}.Debug|x64.ActiveCfg = Debug|x64
		{7CCF07DA-215E-476D-8B43-0A5777BC917A}.Debug|x64.Build.0 = Debug|x64
		{7CCF07DA-215E-476D-8B43-0A5777BC917A}.Debug|x86.ActiveCfg = Debug|Win32
		{7CCF07DA-215E-476D-8B43-0A5777BC917A}.Debug|x86.Build.0 = Debug|Win32
		{7CCF07DA-215E-476D-8B43-0A5777BC917A}.Release|x64.ActiveCfg = Release|x64
		{7CCF07DA-215E-476D-8B43-0A5777BC917A}.Release|x64.Build.0 = Release|x64
		{7CCF07DA-215E-476D-8B43-0A5777BC917A}.Release|x86.ActiveCfg = Release|Win32
		{7CCF07DA-215E-476D-8B43-0A5777BC917A}.Release|x86.Build.0 = Release|Win32
		{CCB67702-B577-4003-965B-9BCCC8FAA3BE}.Debug|x64.ActiveCfg = Debug|x64
		{CCB67702-B577-4003-965B-9BCCC8FAA3BE}.Debug|x64.Build.0 = Debug|x64
		{CCB67702-B577-4003-965B-9BCCC8FAA3BE}.Debug|x86.ActiveCfg = Debug|Win32
		{CCB67702-B577-4003-965B-9BCCC8FAA3BE}.Debug|x86.Build.0 = Debug|Win32
		{CCB67702-B577-4003-965B-9BCCC8FAA3BE}.Release|x64.ActiveCfg = Release|x64
		{CCB67702-B577-4003-965B-9BCCC8FAA3BE}.Release|x64.Build.0 = Release|x64
		{CCB67702-B577-4003-965B-9BCCC8FAA3BE}.Release|x86.ActiveCfg = Release|Win32
		{CCB67702-B577-4003-965B-9BCCC8FAA3BE}.Release|x86.Build.0 = Release|Win32
		{391CFFA0-E474-4ABD-9796-B523BC587403}.Debug|x64.ActiveCfg = Debug|x64
		{391CFFA0-E474-4ABD-9796-B523BC587403}.Debug|x64.Build.0 = Debug|x64
		{391CFFA0-E474-4ABD-9796-B523BC587403}.Debug|x86.ActiveCfg = Debug|Win32
		{391CFFA0-E474-4ABD-9796-B523BC587403}.Debug|x86.Build.0 = Debug|Win32
		{391CFFA0-E474-4ABD-9796-B523BC587403}.Release|x64.ActiveCfg = Release|x64
		{391CFFA0-E474-4ABD-9796-B523BC587403}.Release|x64.Build.0 = Release|x64
		{391CFFA0-E474-4ABD-9796-B523BC587403}.Release|x86.ActiveCfg = Release|Win32
		{391CFFA0-E474-4ABD-9796-B523BC587403}.Release|x86.Build.0 = Release|Win32
		{E2EED5AC-1A8C-4FF6-89A3-E730EAFD0F3D}.Debug|x64.ActiveCfg = Debug|x64
		{E2EED5AC-1A8C-4FF6-89A3-E730EAFD0F3D}.Debug|x64.Build.0 = Debug|x64
		{E2EED5AC-1A8C-4FF6-89A3-E730EAFD0F3D}.Debug|x86.ActiveCfg = Debug|Win32
		{E2EED5AC-1A8C-4FF6-89A3-E730EAFD0F3D}.Debug|x86.Build.0 = Debug|Win32
		{E2EED5AC-1A8C-4FF6-89A3-E730EAFD0F3D}.Release|x64.ActiveCfg = Release|x64
		{E2EED5AC-1A8C-4FF6-89A3-E730EAFD0F3D}.Release|x64.Build.0 = Release|x64
		{E2EED5AC-1A8C-4FF6-89A3-E730EAFD0F3D}.Release|x86.ActiveCfg = Release|Win32
		{E2EED5AC-1A8C-4FF6-89A3-E730EAFD0F3D}.Release|x86.Build.0 = Release|Win32
		{361AC695-F88D-4BF2-9F22-6C7B86D131AD}.Debug|x64.ActiveCfg = Debug|x64
		{361AC695-F88D-4BF2-9F22-6C7B86D131AD}.Debug|x64.Build.0 = Debug|x64
		{361AC695-F88D-4BF2-9F22-6C7B86D131AD}.Debug|x86.ActiveCfg = Debug|Win32
		{361AC695-F88D-4BF2-9F22-6C7B86D131AD}.Debug|x86.Build.0 = Debug|Win32
		{361AC695-F88D-4BF2-9F22-6C7B86D131AD}.Release|x64.ActiveCfg = Release|x64
		{361AC695-F88D-4BF2-9F22-6C7B86D131AD}.Release|x64.Build.0 = Release|x64
		{361AC695-F88D-4BF2-9F22-6C7B86D131AD}.Release|x86.ActiveCfg = Release|Win32
		{361AC695-F88D-4BF2-9F22-6C7B86D131AD}.Release|x86.Build.0 = Release|Win32
		{0E7EAA39-9837-4ECD-9A8D-4BE479A4145E}.Debug|x64.ActiveCfg = Debug|x64
		{0E7EAA39-9837-4ECD-9A8D-4BE479A4145E}.Debug|x64.Build.0 = Debug|x64
		{0E7EAA39-9837-4ECD-9A8D-4BE479A4145E}.Debug|x86.ActiveCfg = Debug|Win32
		{0E7EAA39-9837-4ECD-9A8D-4BE479A4145E}.Debug|x86.Build.0 = Debug|Win32
		{0E7EAA39-9837-4ECD-9A8D-4BE479A4145E}.Release|x64.ActiveCfg = Release|x64
		{0E7EAA39-9837-4ECD-9A8D-4BE479A4145E}.Release|x64.Build.0 = Release|x64
		{0E7EAA39-9837-4ECD-9A8D-4BE479A4145E}.Release|x86.ActiveCfg = Release|Win32
		{0E7EAA39-9837-4ECD-9A8D-4BE479A4145E}.Release|x86.Build.0 = Release|Win32
		{D48083C8-DB5D-4348-AC0F-4EEAC7862D5C}.Debug|x64.ActiveCfg = Debug|x64
		{D48083C8-DB5D-4348-AC0F-4EEAC7862D5C}.Debug|x64.Build.0 = Debug|x64
		{D48083C8-DB5D-4348-AC0F-4EEAC7862D5C}.Debug|x86.ActiveCfg = Debug|Win32
		{D48083C8-DB5D-4348-AC0F-4EEAC7862D5C}.Debug|x86.Build.0 = Debug|Win32
		{D48083C8-DB5D-4348-AC0F-4EEAC7862D5C}.Release|x64.ActiveCfg = Release|x64
		{D48083C8-DB5D-4348-AC0F-4EEAC7862D5C}.Release|x64.Build.0 = Release|x64
		{D48083C8-DB5D-4348-AC0F-4EEAC7862D5C}.Release|x86.ActiveCfg = Release|Win32
		{D48083C8-DB5D-4348-AC0F-4EEAC7862D5C}.Release|x86.Build.0 = Release|Win32
		{B004C562-417A-45A8-8A69-0C6F78755D1D}.Debug|x64.ActiveCfg = Debug|x64
		{B004C562-417A-45A8-8A69-0C6F78755D1D}.Debug|x64.Build.0 = Debug|x64
		{B004C562-417A-45A8-8A69-0C6F78755D1D}.Debug|x86.ActiveCfg = Debug|Win32
		{B004C562-417A-45A8-8A69-0C6F78755D1D}.Debug|x86.Build.0 = Debug|Win32
		{B004C562-417A-45A8-8A69-0C6F78755D1D}.Release|x64.ActiveCfg = Release|x64
		{B004C562-417A-45A8-8A69-0C6F78755D1D}.Release|x64.Build.0 = Release|x64
		{B004C562-417A-45A8-8A69-0C6F78755D1D}.Release|x86.ActiveCfg = Release|Win32
		{B004C562-417A-45A8-8A69-0C6F78755D1D}.Release|x86.Build.0 = Release|Win32
		{9B57CA99-7BF9-42C5-8FE9-BA808E3003F6}.Debug|x64.ActiveCfg = Debug|x64
		{9B57CA99-7BF9-42C5-8FE9-BA808E3003F6}.Debug|x64.Build.0 = Debug|x64
		{9B57CA99-7BF9-42C5-8FE9-BA808E3003F6}.Debug|x86.ActiveCfg = Debug|Win32
		{9B57CA99-7BF9-42C5-8FE9-BA808E3003F6}.Debug|x86.Build.0 = Debug|Win32
		{9B57CA99-7BF9-42C5-8FE9-BA808E3003F6}.Release|x64.ActiveCfg = Release|x64
		{9B57CA99-7BF9-42C5-8FE9-BA808E3003F6}.Release|x64.Build.0 = Release|x64
		{9B57CA99-7BF9-42C5-8FE9-BA808E3003F6}.Release|x86.ActiveCfg = Release|Win32
		{9B57CA99-7BF9-42C5-8FE9-BA808E3003F6}.Release|x86.Build.0 = Release|Win32
		{007F6E3F-C1B5-4831-93DD-D73C85FB8597}.Debug|x64.ActiveCfg = Debug|x64
		{007F6E3F-C1B5-4831-93DD-D73C85FB8597}.Debug|x64.Build.0 = Debug|x64
		{007F6E3F-C1B5-4831-93DD-D73C85FB8597}.Debug|x86.ActiveCfg = Debug|Win32
		{007F6E3F-C1B5-4831-93DD-D73C85FB8597}.Debug|x86.Build.0 = Debug|Win32
		{007F6E3F-C1B5-4831-93DD-D73C85FB8597}.Release|x64.ActiveCfg = Release|x64
		{007F6E3F-C1B5-4831-93DD-D73C85FB8597}.Release|x64.Build.0 = Release|x64
		{007F6E3F-C1B5-4831-93DD-D73C85FB8597}.Release|x86.ActiveCfg = Release|Win32
		{007F6E3F-C1B5-4831-93DD-D73C85FB8597}.Release|x86.Build.0 = Release|Win32
		{A2732FB5-024C-46FF-8255-8FF2BDEE9D32}.Debug|x64.ActiveCfg = Debug|x64
		{A2732FB5-024C-46FF-8255-8FF2BDEE9D32}.Debug|x64.Build.0 = Debug|x64
		{A2732FB5-024C-46FF-8255-8FF2BDEE9D32}.Debug|x86.ActiveCfg = Debug|Win32
		{A2732FB5-024C-46FF-8255-8FF2BDEE9D32}.Debug|x86.Build.0 = Debug|Win32
		{A2732FB5-024C-46FF-8255-8FF2BDEE9D32}.Release|x64.ActiveCfg = Release|x64
		{A2732FB5-024C-46FF-8255-8FF2BDEE9D32}.Release|x64.Build.0 = Release|x64
		{A2732FB5-024C-46FF-8255-8FF2BDEE9D32}.Release|x86.ActiveCfg = Release|Win32
		{A2732FB5-024C-46FF-8255-8FF2BDEE9D32}.Release|x86.Build.0 = Release|Win32
		{D22EF62B-407E-4D47-830A-4EDB6C599EE3}.Debug|x64.ActiveCfg = Debug|x64
		{D22EF62B-407E-4D47-830A-4EDB6C599EE3}.Debug|x64.Build.0 = Debug|x64
		{D22EF62B-407E-4D47-830A-4EDB6C599EE3}.Debug|x86.ActiveCfg = Debug|Win32
		{D22EF62B-407E-4D47-830A-4EDB6C599EE3}.Debug|x86.Build.0 = Debug|Win32
		{D22EF62B-407E-4D47-830A-4EDB6C599EE3}.Release|x64.ActiveCfg = Release|x64
		{D22EF62B-407E-4D47-830A-4EDB6C599EE3}.Release|x64.Build.0 = Release|x64
		{D22EF62B-407E-4D47-830A-4EDB6C599EE3}.Release|x86.ActiveCfg = Release|Win32
		{D22EF62B-407E-4D47-830A-4EDB6C599EE3}.Release|x86.Build.0 = Release|Win32
		{02B2AC79-65FC-4B21-9A3A-65854DFD0F8C}.Debug|x64.ActiveCfg = Debug|x64
		{02B2AC79-65FC-4B21-9A3A-65854DFD0F8C}.Debug|x64.Build.0 = Debug|x64
		{02B2AC79-65FC-4B21-9A3A-65854DFD0F8C}.Debug|x86.ActiveCfg = Debug|Win32
		{02B2AC79-65FC-4B21-9A3A-65854DFD0F8C}.Debug|x86.Build.0 = Debug|Win32
		{02B2AC79-65FC-4B21-9A3A-65854DFD0F8C}.Release|x64.ActiveCfg = Release|x64
		{02B2AC79-65FC-4B21-9A3A-65854DFD0F8C}.Release|x64.Build.0 = Release|x64
		{02B2AC79-65FC-4B21-9A3A-65854DFD0F8C}.Release|x86.ActiveCfg = Release|Win32
		{02B2AC79-65FC-4B21-9A3A-65854DFD0F8C}.Release|x86.Build.0 = Release|Win32
		{F4475040-6BA3-4D0C-8968-6D0262891420}.Debug|x64.ActiveCfg = Debug|x64
		{F4475040-6BA3-4D0C-8968-6D0262891420}.Debug|x64.Build.0 = Debug|x64
		{F4475040-6BA3-4D0C-8968-6D0262891420}.Debug|x86.ActiveCfg = Debug|Win32
		{F4475040-6BA3-4D0C-8968-6D0262891420}.Debug|x86.Build.0 = Debug|Win32
		{F4475040-6BA3-4D0C-8968-6D0262891420}.Release|x64.ActiveCfg = Release|x64
		{F4475040-6BA3-4D0C-8968-6D0262891420}.Release|x64.Build.0 = Release|x64
		{F4475040-6BA3-4D0C-8968-6D0262891420}.Release|x86.ActiveCfg = Release|Win32
		{F4475040-6BA3-4D0C-8968-6D0262891420}.Release|x86.Build.0 = Release|Win32
		{22DD6282-9A6E-4D8E-8856-21D72C453C9E}.Debug|x64.ActiveCfg = Debug|x64
		{22DD6282-9A6E-4D8E-8856-21D72C453C9E}.Debug|x64.Build.0 = Debug|x64
		{22DD6282-9A6E-4D8E-8856-21D72C453C9E}.Debug|x86.ActiveCfg = Debug|Win32
		{22DD6282-9A6E-4D8E-8856-21D72C453C9E}.Debug|x86.Build.0 = Debug|Win32
		{22DD6282-9A6E-4D8E-8856-21D72C453C9E}.Release|x64.ActiveCfg = Release|x64
		{22DD6282-9A6E-4D8E-8856-21D72C453C9E}.Release|x64.Build.0 = Release|x64
		{22DD6282-9A6E-4D8E-8856-21D72C453C9E}.Release|x86.ActiveCfg = Release|Win32
		{22DD6282-9A6E-4D8E-8856-21D72C453C9E}.Release|x86.Build.0 = Release|Win32
		{42FB4886-256B-4881-B850-B54AC964F38B}.Debug|x64.ActiveCfg = Debug|x64
		{42FB4886-256B-4881-B850-B54AC964F38B}.Debug|x64.Build.0 = Debug|x64
		{42FB4886-256B-4881-B850-B54AC964F38B}.Debug|x86.ActiveCfg = Debug|Win32
		{42FB4886-256B-4881-B850-B54AC964F38B}.Debug|x86.Build.0 = Debug|Win32
		{42FB4886-256B-4881-B850-B54AC964F38B}.Release|x64.ActiveCfg = Release|x64
		{42FB4886-256B-4881-B850-B54AC964F38B}.Release|x64.Build.0 = Release|x64
		{42FB4886-256B-4881-B850-B54AC964F38B}.Release|x86.ActiveCfg = Release|Win32
		{42FB4886-256B-4881-B850-B54AC964F38B}.Release|x86.Build.0 = Release|Win32
		{D6E48278-CE20-4D04-91D2-C25FDB47E57A}.Debug|x64.ActiveCfg = Debug|x64
		{D6E48278-CE20-4D04-91D2-C25FDB47E57A}.Debug|x64.Build.0 = Debug|x64
		{D6E48278-CE20-4D04-91D2-C25FDB47E57A}.Debug|x86.ActiveCfg = Debug|Win32
		{D6E48278-CE20-4D04-91D2-C25FDB47E57A}.Debug|x86.Build.0 = Debug|Win32
		{D6E48278-CE20-4D04-91D2-C25FDB47E57A}.Release|x64.ActiveCfg = Release|x64
		{D6E48278-CE20-4D04-91D2-C25FDB47E57A}.Release|x64.Build.0 = Release|x64
		{D6E48278-CE20-4D04-91D2-C25FDB47E57A}.Release|x86.ActiveCfg = Release|Win32
		{D6E48278-CE20-4D04-91D2-C25FDB47E57A}.Release|x86.Build.0 = Release|Win32
		{D32AA868-AFCC-4874-BD08-07E73D492974}.Debug|x64.ActiveCfg = Debug|x64
		{D32AA868-AFCC-4874-BD08-07E73D492974}.Debug|x64.Build.0 = Debug|x64
		{D32AA868-AFCC-4874-BD08-07E73D492974}.Debug|x86.ActiveCfg = Debug|Win32
		{D32AA868-AFCC-4874-BD08-07E73D492974}.Debug|x86.Build.0 = Debug|Win32
		{D32AA868-AFCC-4874-BD08-07E73D492974}.Release|x64.ActiveCfg = Release|x64
		{D32AA868-AFCC-4874-BD08-07E73D492974}.Release|x64.Build.0 = Release|x64
		{D32AA868-AFCC-4874-BD08-07E73D492974}.Release|x86.ActiveCfg = Release|Win32
		{D32AA868-AFCC-4874-BD08-07E73D492974}.Release|x86.Build.0 = Release|Win32
		{74D9CDBD-DE7D-412E-BA72-37660E68EA03}.Debug|x64.ActiveCfg = Debug|x64
		{74D9CDBD-DE7D-412E-BA72-37660E68EA03}.Debug|x64.Build.0 = Debug|x64
		{74D9CDBD-DE7D-412E-BA72-37660E68EA03}.Debug|x86.ActiveCfg = Debug|Win32
		{74D9CDBD-DE7D-412E-BA72-37660E68EA03}.Debug|x86.Build.0 = Debug|Win32
		{74D9CDBD-DE7D-412E-BA72-37660E68EA03}.Release|x64.ActiveCfg = Release|x64
		{74D9CDBD-DE7D-412E-BA72-37660E68EA03}.Release|x64.Build.0 = Release|x64
		{74D9CDBD-DE7D-412E-BA72-37660E68EA03}.Release|x86.ActiveCfg = Release|Win32
		{74D9CDBD-DE7D-412E-BA72-37660E68EA03}.Release|x86.Build.0 = Release|Win32
		{9C457A59-BFD2-45E1-9BBB-8A7BA7E6D974}.Debug|x64.ActiveCfg = Debug|x64
		{9C457A59-BFD2-45E1-9BBB-8A7BA7E6D974}.Debug|x64.Build.0 = Debug|x64
		{9C457A59-BFD2-45E1-9BBB-8A7BA7E6D974}.Debug|x86.ActiveCfg = Debug|Win32
		{9C457A59-BFD2-45E1-9BBB-8A7BA7E6D974}.Debug|x86.Build.0 = Debug|Win32
		{9C457A59-BFD2-45E1-9BBB-8A7BA7E6D974}.Release|x64.ActiveCfg = Release|x64
		{9C457A59-BFD2-45E1-9BBB-8A7BA7E6D974}.Release|x64.Build.0 = Release|x64
		{9C457A59-BFD2-45E1-9BBB-8A7BA7E6D974}.Release|x86.ActiveCfg = Release|Win32
		{9C457A59-BFD2-45E1-9BBB-8A7BA7E6D974}.Release|x86.Build.0 = Release|Win32
		{0278114A-43A9-4D0E-8C50-9925EDD54B43}.Debug|x64.ActiveCfg = Debug|x64
		{0278114A-43A9-4D0E-8C50-9925EDD54B43}.Debug|x64.Build.0 = Debug|x64
		{0278114A-43A9-4D0E-8C50-9925EDD54B43}.Debug|x86.ActiveCfg = Debug|Win32
		{0278114A-43A9-4D0E-8C50-9925EDD54B43}.Debug|x86.Build.0 = Debug|Win32
		{0278114A-43A9-4D0E-8C50-9925EDD54B43}.Release|x64.ActiveCfg = Release|x64
		{0278114A-43A9-4D0E-8C50-9925EDD54B43}.Release|x64.Build.0 = Release|x64
		{0278114A-43A9-4D0E-8C50-9925EDD54B43}.Release|x86.ActiveCfg = Release|Win32
		{0278114A-43A9-4D0E-8C50-9925EDD54B43}.Release|x86.Build.0 = Release|Win32
		{9A040451-A8E2-4D58-86AB-EB0084655847}.Debug|x64.ActiveCfg = Debug|x64
		{9A040451-A8E2-4D58-86AB-EB0084655847}.Debug|x64.Build.0 = Debug|x64
		{9A040451-A8E2-4D58-86AB-EB0084655847}.Debug|x86.ActiveCfg = Debug|Win32
		{9A040451-A8E2-4D58-86AB-EB0084655847}.Debug|x86.Build.0 = Debug|Win32
		{9A040451-A8E2-4D58-86AB-EB0084655847}.Release|x64.ActiveCfg = Release|x64
		{9A040451-A8E2-4D58-86AB-EB0084655847}.Release|x64.Build.0 = Release|x64
		{9A040451-A8E2-4D58-86AB-EB0084655847}.Release|x86.ActiveCfg = Release|Win32
		{9A040451-A8E2-4D58-86AB-EB0084655847}.Release|x86.Build.0 = Release|Win32
		{6EB59D2C-F223-4C5E-AF97-3EE3F491264D}.Debug|x64.ActiveCfg = Debug|x64
		{6EB59D2C-F223-4C5E-AF97-3EE3F491264D}.Debug|x64.Build.0 = Debug|x64
		{6EB59D2C-F223-4C5E-AF97-3EE3F491264D}.Debug|x86.ActiveCfg = Debug|Win32
		{6EB59D2C-F223-4C5E-AF97-3EE3F491264D}.Debug|x86.Build.0 = Debug|Win32
		{6EB59D2C-F223-4C5E-AF97-3EE3F491264D}.Release|x64.ActiveCfg = Release|x64
		{6EB59D2C-F223-4C5E-AF97-3EE3F491264D}.Release|x64.Build.0 = Release|x64
		{6EB59D2C-F223-4C5E-AF97-3EE3F491264D}.Release|x86.ActiveCfg = Release|Win32
		{6EB59D2C-F223-4C5E-AF97-3EE3F491264D}.Release|x86.Build.0 = Release|Win32
		{8F22F779-9B4C-4B73-926F-CD1B5796AC9F}.Debug|x64.ActiveCfg = Debug|x64
		{8F22F779-9B4C-4B73-926F-CD1B5796AC9F}.Debug|x64.Build.0 = Debug|x64
		{8F22F779-9B4C-4B73-926F-CD1B5796AC9F}.Debug|x86.ActiveCfg = Debug|Win32
		{8F22F779-9B4C-4B73-926F-CD1B5796AC9F}.Debug|x86.Build.0 = Debug|Win32
		{8F22F779-9B4C-4B73-926F-CD1B5796AC9F}.Release|x64.ActiveCfg = Release|x64
		{8F22F779-9B4C-4B73-926F-CD1B5796AC9F}.Release|x64.Build.0 = Release|x64
		{8F22F779-9B4C-4B73-926F-CD1B5796AC9F}.Release|x86.ActiveCfg = Release|Win32
		{8F22F779-9B4C-4B73-926F-CD1B5796AC9F}.Release|x86.Build.0 = Release|Win32
		{07D57FF8-0A03-4199-86D1-169EDD633F7D}.Debug|x64.ActiveCfg = Debug|x64
		{07D57FF8-0A03-4199-86D1-169EDD633F7D}.Debug|x64.Build.0 = Debug|x64
		{07D57FF8-0A03-4199-86D1-169EDD633F7D}.Debug|x86.ActiveCfg = Debug|Win32
		{07D57FF8-0A03-4199-86D1-169EDD633F7D}.Debug|x86.Build.0 = Debug|Win32
		{07D57FF8-0A03-4199-86D1-169EDD633F7D}.Release|x64.ActiveCfg = Release|x64
		{07D57FF8-0A03-4199-86D1-169EDD633F7D}.Release|x64.Build.0 = Release|x64
		{07D57FF8-0A03-4199-86D1-169EDD633F7D}.Release|x86.ActiveCfg = Release|Win32
		{07D57FF8-0A03-4199-86D1-169EDD633F7D}.Release|x86.Build.0 = Release|Win32
		{6D0A35CE-D41F-48B6-8E81-D791F49EAB92}.Debug|x64.ActiveCfg = Debug|x64
		{6D0A35CE-D41F-48B6-8E81-D791F49EAB92}.Debug|x64.Build.0 = Debug|x64
		{6D0A35CE-D41F-48B6-8E81-D791F49EAB92}.Debug|x86.ActiveCfg = Debug|Win32
		{6D0A35CE-D41F-48B6-8E81-D791F49EAB92}.Debug|x86.Build.0 = Debug|Win32
		{6D0A35CE-D41F-48B6-8E81-D791F49EAB92}.Release|x64.ActiveCfg = Release|x64
		{6D0A35CE-D41F-48B6-8E81-D791F49EAB92}.Release|x64.Build.0 = Release|x64
		{6D0A35CE-D41F-48B6-8E81-D791F49EAB92}.Release|x86.ActiveCfg = Release|Win32
		{6D0A35CE-D41F-48B6-8E81-D791F49EAB92}.Release|x86.Build.0 = Release|Win32
		{38CE9387-E6EF-4715-BD3A-7CF69FBBD3D7}.Debug|x64.ActiveCfg = Debug|x64
		{38CE9387-E6EF-4715-BD3A-7CF69FBBD3D7}.Debug|x64.Build.0 = Debug|x64
		{38CE9387-E6EF-4715-BD3A-7CF69FBBD3D7}.Debug|x86.ActiveCfg = Debug|Win32
		{38CE9387-E6EF-4715-BD3A-7CF69FBBD3D7}.Debug|x86.Build.0 = Debug|Win32
		{38CE9387-E6EF-4715-BD3A-7CF69FBBD3D7}.Release|x64.ActiveCfg = Release|x64
		{38CE9387-E6EF-4715-BD3A-7CF69FBBD3D7}.Release|x64.Build.0 = Release|x64
		{38CE9387-E6EF-4715-BD3A-7CF69FBBD3D7}.Release|x86.ActiveCfg = Release|Win32
		{38CE9387-E6EF-4715-BD3A-7CF69FBBD3D7}.Release|x86.Build.0 = Release|Win32
		{5EED1821-BA96-4816-A945-F5B9F215D656}.Debug|x64.ActiveCfg = Debug|x64
		{5EED1821-BA96-4816-A945-F5B9F215D656}.Debug|x64.Build.0 = Debug|x64
		{5EED1821-BA96-4816-A945-F5B9F215D656}.Debug|x86.ActiveCfg = Debug|Win32
		{5EED1821-BA96-4816-A945-F5B9F215D656}.Debug|x86.Build.0 = Debug|Win32
		{5EED1821-BA96-4816-A945-F5B9F215D656}.Release|x64.ActiveCfg = Release|x64
		{5EED1821-BA96-4816-A945-F5B9F215D656}.Release|x64.Build.0 = Release|x64
		{5EED1821-BA96-4816-A945-F5B9F215D656}.Release|x86.ActiveCfg = Release|Win32
		{5EED1821-BA96-4816-A945-F5B9F215D656}.Release|x86.Build.0 = Release|Win32
		{6AB90861-F885-4164-B945-73F1EAC34E36}.Debug|x64.ActiveCfg = Debug|x64
		{6AB90861-F885-4164-B945-73F1EAC34E36}.Debug|x64.Build.0 = Debug|x64
		{6AB90861-F885-4164-B945-73F1EAC34E36}.Debug|x86.ActiveCfg = Debug|Win32
		{6AB90861-F885-4164-B945-73F1EAC34E36}.Debug|x86.Build.0 = Debug|Win32
		{6AB90861-F885-4164-B945-73F1EAC34E36}.Release|x64.ActiveCfg = Release|x64
		{6AB90861-F885-4164-B945-73F1EAC34E36}.Release|x64.Build.0 = Release|x64
		{6AB90861-F885-4164-B945-73F1EAC34E36}.Release|x86.ActiveCfg = Release|Win32
		{6AB90861-F885-4164-B945-73F1EAC34E36}.Release|x86.Build.0 = Release|Win32
	EndGlobalSection
	GlobalSection(SolutionProperties) = preSolution
		HideSolutionNode = FALSE
	EndGlobalSection
	GlobalSection(NestedProjects) = preSolution
		{B7431920-7BFE-43C9-9752-AA8B51243BA8} = {02EA681E-C7D8-13C7-8484-4AC65E1B71E8}
		{C4F2BA1D-EF65-43EB-8E43-A3F272B60CB6} = {02EA681E-C7D8-13C7-8484-4AC65E1B71E8}
		{D4BB48A1-9669-4DCC-A72C-F5E3EB910FB3} = {02EA681E-C7D8-13C7-8484-4AC65E1B71E8}
		{C367E9DD-0930-4A9C-BBF2-585C8FDD02FF} = {02EA681E-C7D8-13C7-8484-4AC65E1B71E8}
		{D18C529C-53CF-4B9E-8211-E28596923F5D} = {02EA681E-C7D8-13C7-8484-4AC65E1B71E8}
		{14E1FE5E-1C94-42E3-BA4F-1E5D15B4F207} = {02EA681E-C7D8-13C7-8484-4AC65E1B71E8}
		{BD87B051-CA83-4EC6-B48D-36E5B7481E05} = {02EA681E-C7D8-13C7-8484-4AC65E1B71E8}
		{78D98F65-17C4-4A78-B3B5-4FC1F98C09F2} = {02EA681E-C7D8-13C7-8484-4AC65E1B71E8}
		{C699044F-9BF5-48CE-BC6D-09DA1AAA22F4} = {02EA681E-C7D8-13C7-8484-4AC65E1B71E8}
		{8374E33E-3244-4EFE-BBD1-FE70021AF1EB} = {02EA681E-C7D8-13C7-8484-4AC65E1B71E8}
		{1495F6B3-E27B-4658-8B2E-56D6AF7C43CD} = {02EA681E-C7D8-13C7-8484-4AC65E1B71E8}
		{0C965746-0B72-4460-935A-2E8DA52F3102} = {02EA681E-C7D8-13C7-8484-4AC65E1B71E8}
		{BF587D5B-EB40-479E-9AB4-615D9D1A6894} = {02EA681E-C7D8-13C7-8484-4AC65E1B71E8}
		{371C77A1-9999-418F-A3B2-8595B05ED8D1} = {02EA681E-C7D8-13C7-8484-4AC65E1B71E8}
		{5E1235F1-83C5-43FA-9055-20239D00D4AB} = {02EA681E-C7D8-13C7-8484-4AC65E1B71E8}
		{407CDC9A-CE4F-427C-A10F-CD1944BBE8FD} = {02EA681E-C7D8-13C7-8484-4AC65E1B71E8}
		{4098107A-5FF1-4EC5-A86A-A3296AD534A4} = {02EA681E-C7D8-13C7-8484-4AC65E1B71E8}
		{141B3EB1-5943-4AEC-8959-15A4290D1848} = {02EA681E-C7D8-13C7-8484-4AC65E1B71E8}
		{D2707CC8-C762-4AF2-9FF3-49E936FB13E6} = {02EA681E-C7D8-13C7-8484-4AC65E1B71E8}
		{7CCF07DA-215E-476D-8B43-0A5777BC917A} = {02EA681E-C7D8-13C7-8484-4AC65E1B71E8}
		{CCB67702-B577-4003-965B-9BCCC8FAA3BE} = {02EA681E-C7D8-13C7-8484-4AC65E1B71E8}
		{391CFFA0-E474-4ABD-9796-B523BC587403} = {E19F229F-ADA3-44A8-8627-5680C6EFDE0C}
		{E2EED5AC-1A8C-4FF6-89A3-E730EAFD0F3D} = {E19F229F-ADA3-44A8-8627-5680C6EFDE0C}
		{361AC695-F88D-4BF2-9F22-6C7B86D131AD} = {E19F229F-ADA3-44A8-8627-5680C6EFDE0C}
		{0E7EAA39-9837-4ECD-9A8D-4BE479A4145E} = {E19F229F-ADA3-44A8-8627-5680C6EFDE0C}
		{D48083C8-DB5D-4348-AC0F-4EEAC7862D5C} = {E19F229F-ADA3-44A8-8627-5680C6EFDE0C}
		{B004C562-417A-45A8-8A69-0C6F78755D1D} = {E19F229F-ADA3-44A8-8627-5680C6EFDE0C}
		{9B57CA99-7BF9-42C5-8FE9-BA808E3003F6} = {E19F229F-ADA3-44A8-8627-5680C6EFDE0C}
		{007F6E3F-C1B5-4831-93DD-D73C85FB8597} = {E19F229F-ADA3-44A8-8627-5680C6EFDE0C}
		{A2732FB5-024C-46FF-8255-8FF2BDEE9D32} = {E19F229F-ADA3-44A8-8627-5680C6EFDE0C}
		{D22EF62B-407E-4D47-830A-4EDB6C599EE3} = {E19F229F-ADA3-44A8-8627-5680C6EFDE0C}
		{02B2AC79-65FC-4B21-9A3A-65854DFD0F8C} = {E19F229F-ADA3-44A8-8627-5680C6EFDE0C}
		{F4475040-6BA3-4D0C-8968-6D0262891420} = {E19F229F-ADA3-44A8-8627-5680C6EFDE0C}
		{22DD6282-9A6E-4D8E-8856-21D72C453C9E} = {E19F229F-ADA3-44A8-8627-5680C6EFDE0C}
		{42FB4886-256B-4881-B850-B54AC964F38B} = {E19F229F-ADA3-44A8-8627-5680C6EFDE0C}
		{D6E48278-CE20-4D04-91D2-C25FDB47E57A} = {E19F229F-ADA3-44A8-8627-5680C6EFDE0C}
		{D32AA868-AFCC-4874-BD08-07E73D492974} = {E19F229F-ADA3-44A8-8627-5680C6EFDE0C}
		{74D9CDBD-DE7D-412E-BA72-37660E68EA03} = {E19F229F-ADA3-44A8-8627-5680C6EFDE0C}
		{9C457A59-BFD2-45E1-9BBB-8A7BA7E6D974} = {E19F229F-ADA3-44A8-8627-5680C6EFDE0C}
		{0278114A-43A9-4D0E-8C50-9925EDD54B43} = {D45359B6-FD21-4285-8394-0915F316DC4E}
		{9A040451-A8E2-4D58-86AB-EB0084655847} = {D45359B6-FD21-4285-8394-0915F316DC4E}
		{6EB59D2C-F223-4C5E-AF97-3EE3F491264D} = {D45359B6-FD21-4285-8394-0915F316DC4E}
		{8F22F779-9B4C-4B73-926F-CD1B5796AC9F} = {D45359B6-FD21-4285-8394-0915F316DC4E}
		{07D57FF8-0A03-4199-86D1-169EDD633F7D} = {D45359B6-FD21-4285-8394-0915F316DC4E}
		{6D0A35CE-D41F-48B6-8E81-D791F49EAB92} = {D45359B6-FD21-4285-8394-0915F316DC4E}
		{38CE9387-E6EF-4715-BD3A-7CF69FBBD3D7} = {D45359B6-FD21-4285-8394-0915F316DC4E}
		{5EED1821-BA96-4816-A945-F5B9F215D656} = {D45359B6-FD21-4285-8394-0915F316DC4E}
		{6AB90861-F885-4164-B945-73F1EAC34E36} = {D45359B6-FD21-4285-8394-0915F316DC4E}
	EndGlobalSection
	GlobalSection(ExtensibilityGlobals) = postSolution
		SolutionGuid = {35578918-9F70-408B-A2BB-36010ADF4332}
	EndGlobalSection
EndGlobal
