
Microsoft Visual Studio Solution File, Format Version 12.00
# Visual Studio Version 17
VisualStudioVersion = 17.14.36705.20 d17.14
MinimumVisualStudioVersion = 10.0.40219.1
Project("{8BC9CEB8-8B4A-11D0-8D11-00A0C91BC942}") = "File_Buffers", "File_Buffers\File_Buffers.vcxproj", "{C4203E3C-84B9-4132-BCE5-17F81694FA11}"
EndProject
Project("{8BC9CEB8-8B4A-11D0-8D11-00A0C91BC942}") = "Binary_Files", "Binary_Files\Binary_Files.vcxproj", "{DF802DEA-A852-42A4-82B3-0820830D81FD}"
EndProject
Global
	GlobalSection(SolutionConfigurationPlatforms) = preSolution
		Debug|x64 = Debug|x64
		Debug|x86 = Debug|x86
		Release|x64 = Release|x64
		Release|x86 = Release|x86
	EndGlobalSection
	GlobalSection(ProjectConfigurationPlatforms) = postSolution
		{C4203E3C-84B9-4132-BCE5-17F81694FA11}.Debug|x64.ActiveCfg = Debug|x64
		{C4203E3C-84B9-4132-BCE5-17F81694FA11}.Debug|x64.Build.0 = Debug|x64
		{C4203E3C-84B9-4132-BCE5-17F81694FA11}.Debug|x86.ActiveCfg = Debug|Win32
		{C4203E3C-84B9-4132-BCE5-17F81694FA11}.Debug|x86.Build.0 = Debug|Win32
		{C4203E3C-84B9-4132-BCE5-17F81694FA11}.Release|x64.ActiveCfg = Release|x64
		{C4203E3C-84B9-4132-BCE5-17F81694FA11}.Release|x64.Build.0 = Release|x64
		{C4203E3C-84B9-4132-BCE5-17F81694FA11}.Release|x86.ActiveCfg = Release|Win32
		{C4203E3C-84B9-4132-BCE5-17F81694FA11}.Release|x86.Build.0 = Release|Win32
		{DF802DEA-A852-42A4-82B3-0820830D81FD}.Debug|x64.ActiveCfg = Debug|x64
		{DF802DEA-A852-42A4-82B3-0820830D81FD}.Debug|x64.Build.0 = Debug|x64
		{DF802DEA-A852-42A4-82B3-0820830D81FD}.Debug|x86.ActiveCfg = Debug|Win32
		{DF802DEA-A852-42A4-82B3-0820830D81FD}.Debug|x86.Build.0 = Debug|Win32
		{DF802DEA-A852-42A4-82B3-0820830D81FD}.Release|x64.ActiveCfg = Release|x64
		{DF802DEA-A852-42A4-82B3-0820830D81FD}.Release|x64.Build.0 = Release|x64
		{DF802DEA-A852-42A4-82B3-0820830D81FD}.Release|x86.ActiveCfg = Release|Win32
		{DF802DEA-A852-42A4-82B3-0820830D81FD}.Release|x86.Build.0 = Release|Win32
	EndGlobalSection
	GlobalSection(SolutionProperties) = preSolution
		HideSolutionNode = FALSE
	EndGlobalSection
	GlobalSection(ExtensibilityGlobals) = postSolution
		SolutionGuid = {CB803B2C-F3E0-497C-B097-5B2D19CD5F0F}
	EndGlobalSection
EndGlobal
